// !$*UTF8*$!
{
	archiveVersion = 1;
	classes = {
	};
	objectVersion = 77;
	objects = {

/* Begin PBXBuildFile section */
		0AD2E266E57E0E0CF4F811EB /* DemoAuthCustomApp.swift in Sources */ = {isa = PBXBuildFile; fileRef = 48CFE905BD2970672E6FFB45 /* DemoAuthCustomApp.swift */; };
		17DE08B7CFD986FACE644A19 /* AppRootView.swift in Sources */ = {isa = PBXBuildFile; fileRef = 0F15B6914E951F1776B29BBA /* AppRootView.swift */; };
		1A2B3C4D5E6F7A8B9C0D1E2F /* DemoConfiguration.swift in Sources */ = {isa = PBXBuildFile; fileRef = AA1B2C3D4E5F6A7B8C9D0E1F /* DemoConfiguration.swift */; };
		2A3B4C5D6E7F8A9B0C1D2E3F /* DemoConfiguration.swift in Sources */ = {isa = PBXBuildFile; fileRef = AA1B2C3D4E5F6A7B8C9D0E1F /* DemoConfiguration.swift */; };
		3A4B5C6D7E8F9A0B1C2D3E4F /* DemoConfigurationTests.swift in Sources */ = {isa = PBXBuildFile; fileRef = BB2C3D4E5F6A7B8C9D0E1F2A /* DemoConfigurationTests.swift */; };
		23778A1E7FBF78B3411DBD05 /* MeResponse.swift in Sources */ = {isa = PBXBuildFile; fileRef = DC54EB5002B0E09C728DFE83 /* MeResponse.swift */; };
		5B195A749E2694D63442A7E9 /* AuthManagerSetupTests.swift in Sources */ = {isa = PBXBuildFile; fileRef = C97DFC211F800C1142C37FAB /* AuthManagerSetupTests.swift */; };
		5C71CDA5C1DADF6444338FE3 /* ProfileViewModel.swift in Sources */ = {isa = PBXBuildFile; fileRef = B7F9E2DA7064BAD20DE182C4 /* ProfileViewModel.swift */; };
		67E2A82B6F033891075993C8 /* ProfileViewModelTests.swift in Sources */ = {isa = PBXBuildFile; fileRef = 4A42A24511A5CE01F5E4BD7E /* ProfileViewModelTests.swift */; };
		76284F560AE32B1FD89AE6C9 /* DemoAuthDefaultTests.swift in Sources */ = {isa = PBXBuildFile; fileRef = 8824A1CB67156CFA27C26790 /* DemoAuthDefaultTests.swift */; };
		78ADBD848CECFCA0D53A0038 /* Localizable.strings in Resources */ = {isa = PBXBuildFile; fileRef = EF294433C90BF9F0CD5B8664 /* Localizable.strings */; };
		7F3D8842923CF7F8F1217901 /* DemoAuthCustomApp.swift in Sources */ = {isa = PBXBuildFile; fileRef = 48CFE905BD2970672E6FFB45 /* DemoAuthCustomApp.swift */; };
		803B4A2913661D4CC0390B16 /* DemoAuthCustomTests.swift in Sources */ = {isa = PBXBuildFile; fileRef = 10E530CC144816DD1CAD772F /* DemoAuthCustomTests.swift */; };
		81F877C8D6957113B35693F6 /* DemoAuthDefaultApp.swift in Sources */ = {isa = PBXBuildFile; fileRef = CA7D287FD52AD54574C835E4 /* DemoAuthDefaultApp.swift */; };
		8BBCD95281F1220218527FEA /* Localizable.strings in Resources */ = {isa = PBXBuildFile; fileRef = EF294433C90BF9F0CD5B8664 /* Localizable.strings */; };
		934A2EA16C253E97D580F8AD /* DemoAuthDefaultApp.swift in Sources */ = {isa = PBXBuildFile; fileRef = CA7D287FD52AD54574C835E4 /* DemoAuthDefaultApp.swift */; };
		A6288FC870BB1B0F083846CD /* ProfileView.swift in Sources */ = {isa = PBXBuildFile; fileRef = 57ADA9D71EAE2601DA21FAF9 /* ProfileView.swift */; };
		BA43E24BE1A7655F584C0FED /* AuthClient in Frameworks */ = {isa = PBXBuildFile; productRef = 36DC85E354C3F89938FE4968 /* AuthClient */; };
		BE1F36D3C3F180A0B35C37C6 /* ProfileViewModel.swift in Sources */ = {isa = PBXBuildFile; fileRef = B7F9E2DA7064BAD20DE182C4 /* ProfileViewModel.swift */; };
		D9AE2DAB10F31BB76D5A23EE /* AuthClient in Frameworks */ = {isa = PBXBuildFile; productRef = 66091D300E5F8CECCC81D738 /* AuthClient */; };
		E90E5A8EEB9BC7FC255BF022 /* ProfileView.swift in Sources */ = {isa = PBXBuildFile; fileRef = 57ADA9D71EAE2601DA21FAF9 /* ProfileView.swift */; };
		F49BAF4C87499EE32BD20E57 /* AppRootView.swift in Sources */ = {isa = PBXBuildFile; fileRef = 0F15B6914E951F1776B29BBA /* AppRootView.swift */; };
		FFD2D5F1BA4642742C837FC5 /* MeResponse.swift in Sources */ = {isa = PBXBuildFile; fileRef = DC54EB5002B0E09C728DFE83 /* MeResponse.swift */; };
/* End PBXBuildFile section */

/* Begin PBXContainerItemProxy section */
		82E800AC26DDA05B220EA589 /* PBXContainerItemProxy */ = {
			isa = PBXContainerItemProxy;
			containerPortal = 258D18AEF6DF26323470E558 /* Project object */;
			proxyType = 1;
			remoteGlobalIDString = C48FF9C253DFE85FE308CE72;
			remoteInfo = DemoAuthDefault;
		};
		9D19C85D2FC8F1CD0001C256 /* PBXContainerItemProxy */ = {
			isa = PBXContainerItemProxy;
			containerPortal = 258D18AEF6DF26323470E558 /* Project object */;
			proxyType = 1;
			remoteGlobalIDString = ED46C063911CA4E47F93C9A8;
			remoteInfo = DemoAuthCustom;
		};
		9D19C85F2FC8F1F70001C256 /* PBXContainerItemProxy */ = {
			isa = PBXContainerItemProxy;
			containerPortal = 258D18AEF6DF26323470E558 /* Project object */;
			proxyType = 1;
			remoteGlobalIDString = C48FF9C253DFE85FE308CE72;
			remoteInfo = DemoAuthDefault;
		};
		D715B2835DB3D202CAC237D3 /* PBXContainerItemProxy */ = {
			isa = PBXContainerItemProxy;
			containerPortal = 258D18AEF6DF26323470E558 /* Project object */;
			proxyType = 1;
			remoteGlobalIDString = ED46C063911CA4E47F93C9A8;
			remoteInfo = DemoAuthCustom;
		};
/* End PBXContainerItemProxy section */

/* Begin PBXFileReference section */
		09B2372158E58D67F7EF0D1D /* DemoAuthDefaultTests.xctest */ = {isa = PBXFileReference; explicitFileType = wrapper.cfbundle; includeInIndex = 0; path = DemoAuthDefaultTests.xctest; sourceTree = BUILT_PRODUCTS_DIR; };
		0F15B6914E951F1776B29BBA /* AppRootView.swift */ = {isa = PBXFileReference; lastKnownFileType = sourcecode.swift; path = AppRootView.swift; sourceTree = "<group>"; };
		10E530CC144816DD1CAD772F /* DemoAuthCustomTests.swift */ = {isa = PBXFileReference; lastKnownFileType = sourcecode.swift; path = DemoAuthCustomTests.swift; sourceTree = "<group>"; };
		1F5D334794CC1AED0B01DC08 /* GoogleCredentials.xcconfig */ = {isa = PBXFileReference; lastKnownFileType = text.xcconfig; path = GoogleCredentials.xcconfig; sourceTree = "<group>"; };
		424BE21DBC266A017203EC29 /* DemoAuthCustom.app */ = {isa = PBXFileReference; explicitFileType = wrapper.application; includeInIndex = 0; path = DemoAuthCustom.app; sourceTree = BUILT_PRODUCTS_DIR; };
		48188D175C9675D3B6614690 /* DemoAuthCustomTests.xctest */ = {isa = PBXFileReference; explicitFileType = wrapper.cfbundle; includeInIndex = 0; path = DemoAuthCustomTests.xctest; sourceTree = BUILT_PRODUCTS_DIR; };
		48CFE905BD2970672E6FFB45 /* DemoAuthCustomApp.swift */ = {isa = PBXFileReference; lastKnownFileType = sourcecode.swift; path = DemoAuthCustomApp.swift; sourceTree = "<group>"; };
		4A42A24511A5CE01F5E4BD7E /* ProfileViewModelTests.swift */ = {isa = PBXFileReference; lastKnownFileType = sourcecode.swift; path = ProfileViewModelTests.swift; sourceTree = "<group>"; };
		4AFF48014E6C0BBB4CE62A4F /* Auth */ = {isa = PBXFileReference; lastKnownFileType = folder; name = Auth; path = ../..; sourceTree = SOURCE_ROOT; };
		57ADA9D71EAE2601DA21FAF9 /* ProfileView.swift */ = {isa = PBXFileReference; lastKnownFileType = sourcecode.swift; path = ProfileView.swift; sourceTree = "<group>"; };
		5A66EEEC5A1BCE77CBC9148C /* DemoAuth.entitlements */ = {isa = PBXFileReference; lastKnownFileType = text.plist.entitlements; path = DemoAuth.entitlements; sourceTree = "<group>"; };
		62ED13878DDA30F8E5012F33 /* pl */ = {isa = PBXFileReference; lastKnownFileType = text.plist.strings; name = pl; path = pl.lproj/Localizable.strings; sourceTree = "<group>"; };
		63BB8B50E339EA09E75AF119 /* en */ = {isa = PBXFileReference; lastKnownFileType = text.plist.strings; name = en; path = en.lproj/Localizable.strings; sourceTree = "<group>"; };
		8824A1CB67156CFA27C26790 /* DemoAuthDefaultTests.swift */ = {isa = PBXFileReference; lastKnownFileType = sourcecode.swift; path = DemoAuthDefaultTests.swift; sourceTree = "<group>"; };
		AA1B2C3D4E5F6A7B8C9D0E1F /* DemoConfiguration.swift */ = {isa = PBXFileReference; lastKnownFileType = sourcecode.swift; path = DemoConfiguration.swift; sourceTree = "<group>"; };
		BB2C3D4E5F6A7B8C9D0E1F2A /* DemoConfigurationTests.swift */ = {isa = PBXFileReference; lastKnownFileType = sourcecode.swift; path = DemoConfigurationTests.swift; sourceTree = "<group>"; };
		B041BEAD33B8B765DCC6852C /* Info.plist */ = {isa = PBXFileReference; lastKnownFileType = text.plist; path = Info.plist; sourceTree = "<group>"; };
		B3997B605F737674862DCCD6 /* DemoAuthDefault.app */ = {isa = PBXFileReference; explicitFileType = wrapper.application; includeInIndex = 0; path = DemoAuthDefault.app; sourceTree = BUILT_PRODUCTS_DIR; };
		B7F9E2DA7064BAD20DE182C4 /* ProfileViewModel.swift */ = {isa = PBXFileReference; lastKnownFileType = sourcecode.swift; path = ProfileViewModel.swift; sourceTree = "<group>"; };
		C97DFC211F800C1142C37FAB /* AuthManagerSetupTests.swift */ = {isa = PBXFileReference; lastKnownFileType = sourcecode.swift; path = AuthManagerSetupTests.swift; sourceTree = "<group>"; };
		CA7D287FD52AD54574C835E4 /* DemoAuthDefaultApp.swift */ = {isa = PBXFileReference; lastKnownFileType = sourcecode.swift; path = DemoAuthDefaultApp.swift; sourceTree = "<group>"; };
		DC54EB5002B0E09C728DFE83 /* MeResponse.swift */ = {isa = PBXFileReference; lastKnownFileType = sourcecode.swift; path = MeResponse.swift; sourceTree = "<group>"; };
/* End PBXFileReference section */

/* Begin PBXFrameworksBuildPhase section */
		815FE461906D5616BAC33575 /* Frameworks */ = {
			isa = PBXFrameworksBuildPhase;
			buildActionMask = 2147483647;
			files = (
				D9AE2DAB10F31BB76D5A23EE /* AuthClient in Frameworks */,
			);
			runOnlyForDeploymentPostprocessing = 0;
		};
		ADD47B50BC0E5D87F760622D /* Frameworks */ = {
			isa = PBXFrameworksBuildPhase;
			buildActionMask = 2147483647;
			files = (
				BA43E24BE1A7655F584C0FED /* AuthClient in Frameworks */,
			);
			runOnlyForDeploymentPostprocessing = 0;
		};
/* End PBXFrameworksBuildPhase section */

/* Begin PBXGroup section */
		087BFD0E93C3CEC335E54BF3 /* apple_app */ = {
			isa = PBXGroup;
			children = (
				1F5D334794CC1AED0B01DC08 /* GoogleCredentials.xcconfig */,
			);
			name = apple_app;
			path = .;
			sourceTree = "<group>";
		};
		0F6A7DF28DF4EB0C9C517C19 /* Resources */ = {
			isa = PBXGroup;
			children = (
				EF294433C90BF9F0CD5B8664 /* Localizable.strings */,
			);
			name = Resources;
			path = DemoAuth/Resources;
			sourceTree = "<group>";
		};
		292F308AAE1B6EDBD87D5782 /* DemoAuthDefaultTests */ = {
			isa = PBXGroup;
			children = (
				C97DFC211F800C1142C37FAB /* AuthManagerSetupTests.swift */,
				BB2C3D4E5F6A7B8C9D0E1F2A /* DemoConfigurationTests.swift */,
				8824A1CB67156CFA27C26790 /* DemoAuthDefaultTests.swift */,
				4A42A24511A5CE01F5E4BD7E /* ProfileViewModelTests.swift */,
			);
			path = DemoAuthDefaultTests;
			sourceTree = "<group>";
		};
		38E920562EA71F3EC128C8CD /* DemoAuth */ = {
			isa = PBXGroup;
			children = (
				0F15B6914E951F1776B29BBA /* AppRootView.swift */,
				5A66EEEC5A1BCE77CBC9148C /* DemoAuth.entitlements */,
				48CFE905BD2970672E6FFB45 /* DemoAuthCustomApp.swift */,
				CA7D287FD52AD54574C835E4 /* DemoAuthDefaultApp.swift */,
				AA1B2C3D4E5F6A7B8C9D0E1F /* DemoConfiguration.swift */,
				B041BEAD33B8B765DCC6852C /* Info.plist */,
				DC54EB5002B0E09C728DFE83 /* MeResponse.swift */,
				57ADA9D71EAE2601DA21FAF9 /* ProfileView.swift */,
				B7F9E2DA7064BAD20DE182C4 /* ProfileViewModel.swift */,
			);
			path = DemoAuth;
			sourceTree = "<group>";
		};
		59B6C0E9A8DF2B11944EEFE6 /* Packages */ = {
			isa = PBXGroup;
			children = (
				4AFF48014E6C0BBB4CE62A4F /* Auth */,
			);
			name = Packages;
			sourceTree = "<group>";
		};
		7A7213783383812B0ABFD6E4 = {
			isa = PBXGroup;
			children = (
				087BFD0E93C3CEC335E54BF3 /* apple_app */,
				38E920562EA71F3EC128C8CD /* DemoAuth */,
				EBD72507DAC7ADDA39947105 /* DemoAuthCustomTests */,
				292F308AAE1B6EDBD87D5782 /* DemoAuthDefaultTests */,
				59B6C0E9A8DF2B11944EEFE6 /* Packages */,
				0F6A7DF28DF4EB0C9C517C19 /* Resources */,
				8E4C35AEF7C4AAF40C2EFCD3 /* Products */,
			);
			sourceTree = "<group>";
		};
		8E4C35AEF7C4AAF40C2EFCD3 /* Products */ = {
			isa = PBXGroup;
			children = (
				424BE21DBC266A017203EC29 /* DemoAuthCustom.app */,
				48188D175C9675D3B6614690 /* DemoAuthCustomTests.xctest */,
				B3997B605F737674862DCCD6 /* DemoAuthDefault.app */,
				09B2372158E58D67F7EF0D1D /* DemoAuthDefaultTests.xctest */,
			);
			name = Products;
			sourceTree = "<group>";
		};
		EBD72507DAC7ADDA39947105 /* DemoAuthCustomTests */ = {
			isa = PBXGroup;
			children = (
				10E530CC144816DD1CAD772F /* DemoAuthCustomTests.swift */,
			);
			path = DemoAuthCustomTests;
			sourceTree = "<group>";
		};
/* End PBXGroup section */

/* Begin PBXNativeTarget section */
		3FACA7D5BFA1ACE2DF917D25 /* DemoAuthCustomTests */ = {
			isa = PBXNativeTarget;
			buildConfigurationList = 78675F055821C4422F032383 /* Build configuration list for PBXNativeTarget "DemoAuthCustomTests" */;
			buildPhases = (
				7D137F6C1C1C733A360A7CB4 /* Sources */,
			);
			buildRules = (
			);
			dependencies = (
				997C7C39BB0750764AF90EF1 /* PBXTargetDependency */,
				9D19C8602FC8F1F70001C256 /* PBXTargetDependency */,
			);
			name = DemoAuthCustomTests;
			packageProductDependencies = (
			);
			productName = DemoAuthCustomTests;
			productReference = 48188D175C9675D3B6614690 /* DemoAuthCustomTests.xctest */;
			productType = "com.apple.product-type.bundle.unit-test";
		};
		720DFBD6523C6C4B3E81CB3E /* DemoAuthDefaultTests */ = {
			isa = PBXNativeTarget;
			buildConfigurationList = 1ED5341A39623E92EDF2A189 /* Build configuration list for PBXNativeTarget "DemoAuthDefaultTests" */;
			buildPhases = (
				83AF93C71F2A7409B4C4DA94 /* Sources */,
			);
			buildRules = (
			);
			dependencies = (
				CDF2BA2C86367F81D566444D /* PBXTargetDependency */,
				9D19C85E2FC8F1CD0001C256 /* PBXTargetDependency */,
			);
			name = DemoAuthDefaultTests;
			packageProductDependencies = (
			);
			productName = DemoAuthDefaultTests;
			productReference = 09B2372158E58D67F7EF0D1D /* DemoAuthDefaultTests.xctest */;
			productType = "com.apple.product-type.bundle.unit-test";
		};
		C48FF9C253DFE85FE308CE72 /* DemoAuthDefault */ = {
			isa = PBXNativeTarget;
			buildConfigurationList = 748F2AD1B0D1F20A479B6756 /* Build configuration list for PBXNativeTarget "DemoAuthDefault" */;
			buildPhases = (
				CF819DF4D7A995EC5E837CAD /* Sources */,
				80C4128548D6994D6729553A /* Resources */,
				815FE461906D5616BAC33575 /* Frameworks */,
			);
			buildRules = (
			);
			dependencies = (
			);
			name = DemoAuthDefault;
			packageProductDependencies = (
				66091D300E5F8CECCC81D738 /* AuthClient */,
			);
			productName = DemoAuthDefault;
			productReference = B3997B605F737674862DCCD6 /* DemoAuthDefault.app */;
			productType = "com.apple.product-type.application";
		};
		ED46C063911CA4E47F93C9A8 /* DemoAuthCustom */ = {
			isa = PBXNativeTarget;
			buildConfigurationList = E13B612EB8CE5FA328829693 /* Build configuration list for PBXNativeTarget "DemoAuthCustom" */;
			buildPhases = (
				E2DD3BCBA26AB01AF1771107 /* Sources */,
				367F4DD2FBEEB6CC3D31C584 /* Resources */,
				ADD47B50BC0E5D87F760622D /* Frameworks */,
			);
			buildRules = (
			);
			dependencies = (
			);
			name = DemoAuthCustom;
			packageProductDependencies = (
				36DC85E354C3F89938FE4968 /* AuthClient */,
			);
			productName = DemoAuthCustom;
			productReference = 424BE21DBC266A017203EC29 /* DemoAuthCustom.app */;
			productType = "com.apple.product-type.application";
		};
/* End PBXNativeTarget section */

/* Begin PBXProject section */
		258D18AEF6DF26323470E558 /* Project object */ = {
			isa = PBXProject;
			attributes = {
				BuildIndependentTargetsInParallel = YES;
				LastUpgradeCheck = 1430;
				TargetAttributes = {
					3FACA7D5BFA1ACE2DF917D25 = {
						DevelopmentTeam = "";
						TestTargetID = ED46C063911CA4E47F93C9A8;
					};
					720DFBD6523C6C4B3E81CB3E = {
						DevelopmentTeam = "";
						TestTargetID = C48FF9C253DFE85FE308CE72;
					};
					C48FF9C253DFE85FE308CE72 = {
						DevelopmentTeam = 9JVYUSJU3D;
					};
					ED46C063911CA4E47F93C9A8 = {
						DevelopmentTeam = 9JVYUSJU3D;
					};
				};
			};
			buildConfigurationList = 4EA1A45BA305425F2F1ED889 /* Build configuration list for PBXProject "DemoAuth" */;
			developmentRegion = en;
			hasScannedForEncodings = 0;
			knownRegions = (
				Base,
				en,
				pl,
			);
			mainGroup = 7A7213783383812B0ABFD6E4;
			minimizedProjectReferenceProxies = 1;
			packageReferences = (
				7E61671E65B85FDD6803C2FC /* XCLocalSwiftPackageReference "../.." */,
			);
			preferredProjectObjectVersion = 77;
			productRefGroup = 8E4C35AEF7C4AAF40C2EFCD3 /* Products */;
			projectDirPath = "";
			projectRoot = "";
			targets = (
				ED46C063911CA4E47F93C9A8 /* DemoAuthCustom */,
				3FACA7D5BFA1ACE2DF917D25 /* DemoAuthCustomTests */,
				C48FF9C253DFE85FE308CE72 /* DemoAuthDefault */,
				720DFBD6523C6C4B3E81CB3E /* DemoAuthDefaultTests */,
			);
		};
/* End PBXProject section */

/* Begin PBXResourcesBuildPhase section */
		367F4DD2FBEEB6CC3D31C584 /* Resources */ = {
			isa = PBXResourcesBuildPhase;
			buildActionMask = 2147483647;
			files = (
				78ADBD848CECFCA0D53A0038 /* Localizable.strings in Resources */,
			);
			runOnlyForDeploymentPostprocessing = 0;
		};
		80C4128548D6994D6729553A /* Resources */ = {
			isa = PBXResourcesBuildPhase;
			buildActionMask = 2147483647;
			files = (
				8BBCD95281F1220218527FEA /* Localizable.strings in Resources */,
			);
			runOnlyForDeploymentPostprocessing = 0;
		};
/* End PBXResourcesBuildPhase section */

/* Begin PBXSourcesBuildPhase section */
		7D137F6C1C1C733A360A7CB4 /* Sources */ = {
			isa = PBXSourcesBuildPhase;
			buildActionMask = 2147483647;
			files = (
				803B4A2913661D4CC0390B16 /* DemoAuthCustomTests.swift in Sources */,
			);
			runOnlyForDeploymentPostprocessing = 0;
		};
		83AF93C71F2A7409B4C4DA94 /* Sources */ = {
			isa = PBXSourcesBuildPhase;
			buildActionMask = 2147483647;
			files = (
				5B195A749E2694D63442A7E9 /* AuthManagerSetupTests.swift in Sources */,
				3A4B5C6D7E8F9A0B1C2D3E4F /* DemoConfigurationTests.swift in Sources */,
				76284F560AE32B1FD89AE6C9 /* DemoAuthDefaultTests.swift in Sources */,
				67E2A82B6F033891075993C8 /* ProfileViewModelTests.swift in Sources */,
			);
			runOnlyForDeploymentPostprocessing = 0;
		};
		CF819DF4D7A995EC5E837CAD /* Sources */ = {
			isa = PBXSourcesBuildPhase;
			buildActionMask = 2147483647;
			files = (
				17DE08B7CFD986FACE644A19 /* AppRootView.swift in Sources */,
				7F3D8842923CF7F8F1217901 /* DemoAuthCustomApp.swift in Sources */,
				81F877C8D6957113B35693F6 /* DemoAuthDefaultApp.swift in Sources */,
				1A2B3C4D5E6F7A8B9C0D1E2F /* DemoConfiguration.swift in Sources */,
				23778A1E7FBF78B3411DBD05 /* MeResponse.swift in Sources */,
				A6288FC870BB1B0F083846CD /* ProfileView.swift in Sources */,
				5C71CDA5C1DADF6444338FE3 /* ProfileViewModel.swift in Sources */,
			);
			runOnlyForDeploymentPostprocessing = 0;
		};
		E2DD3BCBA26AB01AF1771107 /* Sources */ = {
			isa = PBXSourcesBuildPhase;
			buildActionMask = 2147483647;
			files = (
				F49BAF4C87499EE32BD20E57 /* AppRootView.swift in Sources */,
				0AD2E266E57E0E0CF4F811EB /* DemoAuthCustomApp.swift in Sources */,
				934A2EA16C253E97D580F8AD /* DemoAuthDefaultApp.swift in Sources */,
				2A3B4C5D6E7F8A9B0C1D2E3F /* DemoConfiguration.swift in Sources */,
				FFD2D5F1BA4642742C837FC5 /* MeResponse.swift in Sources */,
				E90E5A8EEB9BC7FC255BF022 /* ProfileView.swift in Sources */,
				BE1F36D3C3F180A0B35C37C6 /* ProfileViewModel.swift in Sources */,
			);
			runOnlyForDeploymentPostprocessing = 0;
		};
/* End PBXSourcesBuildPhase section */

/* Begin PBXTargetDependency section */
		997C7C39BB0750764AF90EF1 /* PBXTargetDependency */ = {
			isa = PBXTargetDependency;
			target = ED46C063911CA4E47F93C9A8 /* DemoAuthCustom */;
			targetProxy = D715B2835DB3D202CAC237D3 /* PBXContainerItemProxy */;
		};
		9D19C85E2FC8F1CD0001C256 /* PBXTargetDependency */ = {
			isa = PBXTargetDependency;
			target = ED46C063911CA4E47F93C9A8 /* DemoAuthCustom */;
			targetProxy = 9D19C85D2FC8F1CD0001C256 /* PBXContainerItemProxy */;
		};
		9D19C8602FC8F1F70001C256 /* PBXTargetDependency */ = {
			isa = PBXTargetDependency;
			target = C48FF9C253DFE85FE308CE72 /* DemoAuthDefault */;
			targetProxy = 9D19C85F2FC8F1F70001C256 /* PBXContainerItemProxy */;
		};
		CDF2BA2C86367F81D566444D /* PBXTargetDependency */ = {
			isa = PBXTargetDependency;
			target = C48FF9C253DFE85FE308CE72 /* DemoAuthDefault */;
			targetProxy = 82E800AC26DDA05B220EA589 /* PBXContainerItemProxy */;
		};
/* End PBXTargetDependency section */

/* Begin PBXVariantGroup section */
		EF294433C90BF9F0CD5B8664 /* Localizable.strings */ = {
			isa = PBXVariantGroup;
			children = (
				63BB8B50E339EA09E75AF119 /* en */,
				62ED13878DDA30F8E5012F33 /* pl */,
			);
			name = Localizable.strings;
			sourceTree = "<group>";
		};
/* End PBXVariantGroup section */

/* Begin XCBuildConfiguration section */
		4424F397AEF07F04A6FB99FC /* Debug */ = {
			isa = XCBuildConfiguration;
			baseConfigurationReference = 1F5D334794CC1AED0B01DC08 /* GoogleCredentials.xcconfig */;
			buildSettings = {
				ASSETCATALOG_COMPILER_APPICON_NAME = AppIcon;
				CODE_SIGN_ENTITLEMENTS = DemoAuth/DemoAuth.entitlements;
				CODE_SIGN_IDENTITY = "iPhone Developer";
				DEVELOPMENT_TEAM = 9JVYUSJU3D;
				ENABLE_APP_SANDBOX = YES;
				ENABLE_HARDENED_RUNTIME = YES;
				ENABLE_OUTGOING_NETWORK_CONNECTIONS = YES;
				EXCLUDED_SOURCE_FILE_NAMES = (
					DemoAuthApp.swift,
					DemoAuthDefaultApp.swift,
				);
				INFOPLIST_FILE = DemoAuth/Info.plist;
				IPHONEOS_DEPLOYMENT_TARGET = 17.0;
				LD_RUNPATH_SEARCH_PATHS = (
					"$(inherited)",
					"@executable_path/Frameworks",
				);
				PRODUCT_BUNDLE_IDENTIFIER = com.marekloose.demoauth.custom;
				REGISTER_APP_GROUPS = YES;
				SDKROOT = iphoneos;
				SUPPORTED_PLATFORMS = "iphoneos iphonesimulator macosx";
				SUPPORTS_MACCATALYST = NO;
				SUPPORTS_MAC_DESIGNED_FOR_IPHONE_IPAD = NO;
				SUPPORTS_XR_DESIGNED_FOR_IPHONE_IPAD = NO;
				SWIFT_VERSION = 6.2;
				TARGETED_DEVICE_FAMILY = "1,2";
			};
			name = Debug;
		};
		58D980179A654082D2C2303B /* Debug */ = {
			isa = XCBuildConfiguration;
			buildSettings = {
				BUNDLE_LOADER = "$(TEST_HOST)";
				CODE_SIGNING_REQUIRED = NO;
				CODE_SIGN_IDENTITY = "";
				DEVELOPMENT_TEAM = "";
				ENABLE_APP_SANDBOX = YES;
				ENABLE_HARDENED_RUNTIME = YES;
				ENABLE_OUTGOING_NETWORK_CONNECTIONS = YES;
				GENERATE_INFOPLIST_FILE = YES;
				IPHONEOS_DEPLOYMENT_TARGET = 17.0;
				LD_RUNPATH_SEARCH_PATHS = (
					"$(inherited)",
					"@executable_path/Frameworks",
					"@loader_path/Frameworks",
				);
				PRODUCT_BUNDLE_IDENTIFIER = com.marekloose.DemoAuthCustomTests;
				REGISTER_APP_GROUPS = YES;
				SDKROOT = iphoneos;
				SUPPORTED_PLATFORMS = "iphoneos iphonesimulator macosx";
				SUPPORTS_MACCATALYST = NO;
				SUPPORTS_MAC_DESIGNED_FOR_IPHONE_IPAD = NO;
				SUPPORTS_XR_DESIGNED_FOR_IPHONE_IPAD = NO;
				SWIFT_VERSION = 6.2;
				TARGETED_DEVICE_FAMILY = "1,2";
				TEST_HOST = "$(BUILT_PRODUCTS_DIR)/DemoAuthCustom.app/$(BUNDLE_EXECUTABLE_FOLDER_PATH)/DemoAuthCustom";
			};
			name = Debug;
		};
		6188615646682DB23944FBD7 /* Release */ = {
			isa = XCBuildConfiguration;
			buildSettings = {
				BUNDLE_LOADER = "$(TEST_HOST)";
				CODE_SIGNING_REQUIRED = NO;
				CODE_SIGN_IDENTITY = "";
				DEVELOPMENT_TEAM = "";
				ENABLE_APP_SANDBOX = YES;
				ENABLE_HARDENED_RUNTIME = YES;
				ENABLE_OUTGOING_NETWORK_CONNECTIONS = YES;
				GENERATE_INFOPLIST_FILE = YES;
				IPHONEOS_DEPLOYMENT_TARGET = 17.0;
				LD_RUNPATH_SEARCH_PATHS = (
					"$(inherited)",
					"@executable_path/Frameworks",
					"@loader_path/Frameworks",
				);
				PRODUCT_BUNDLE_IDENTIFIER = com.marekloose.DemoAuthDefaultTests;
				REGISTER_APP_GROUPS = YES;
				SDKROOT = iphoneos;
				SUPPORTED_PLATFORMS = "iphoneos iphonesimulator macosx";
				SUPPORTS_MACCATALYST = NO;
				SUPPORTS_MAC_DESIGNED_FOR_IPHONE_IPAD = NO;
				SUPPORTS_XR_DESIGNED_FOR_IPHONE_IPAD = NO;
				SWIFT_VERSION = 6.2;
				TARGETED_DEVICE_FAMILY = "1,2";
				TEST_HOST = "$(BUILT_PRODUCTS_DIR)/DemoAuthDefault.app/$(BUNDLE_EXECUTABLE_FOLDER_PATH)/DemoAuthDefault";
			};
			name = Release;
		};
		768CDDAF8226451A1CAAB086 /* Release */ = {
			isa = XCBuildConfiguration;
			buildSettings = {
				ALWAYS_SEARCH_USER_PATHS = NO;
				CLANG_ANALYZER_NONNULL = YES;
				CLANG_ANALYZER_NUMBER_OBJECT_CONVERSION = YES_AGGRESSIVE;
				CLANG_CXX_LANGUAGE_STANDARD = "gnu++14";
				CLANG_CXX_LIBRARY = "libc++";
				CLANG_ENABLE_MODULES = YES;
				CLANG_ENABLE_OBJC_ARC = YES;
				CLANG_ENABLE_OBJC_WEAK = YES;
				CLANG_WARN_BLOCK_CAPTURE_AUTORELEASING = YES;
				CLANG_WARN_BOOL_CONVERSION = YES;
				CLANG_WARN_COMMA = YES;
				CLANG_WARN_CONSTANT_CONVERSION = YES;
				CLANG_WARN_DEPRECATED_OBJC_IMPLEMENTATIONS = YES;
				CLANG_WARN_DIRECT_OBJC_ISA_USAGE = YES_ERROR;
				CLANG_WARN_DOCUMENTATION_COMMENTS = YES;
				CLANG_WARN_EMPTY_BODY = YES;
				CLANG_WARN_ENUM_CONVERSION = YES;
				CLANG_WARN_INFINITE_RECURSION = YES;
				CLANG_WARN_INT_CONVERSION = YES;
				CLANG_WARN_NON_LITERAL_NULL_CONVERSION = YES;
				CLANG_WARN_OBJC_IMPLICIT_RETAIN_SELF = YES;
				CLANG_WARN_OBJC_LITERAL_CONVERSION = YES;
				CLANG_WARN_OBJC_ROOT_CLASS = YES_ERROR;
				CLANG_WARN_QUOTED_INCLUDE_IN_FRAMEWORK_HEADER = YES;
				CLANG_WARN_RANGE_LOOP_ANALYSIS = YES;
				CLANG_WARN_STRICT_PROTOTYPES = YES;
				CLANG_WARN_SUSPICIOUS_MOVE = YES;
				CLANG_WARN_UNGUARDED_AVAILABILITY = YES_AGGRESSIVE;
				CLANG_WARN_UNREACHABLE_CODE = YES;
				CLANG_WARN__DUPLICATE_METHOD_MATCH = YES;
				COPY_PHASE_STRIP = NO;
				DEBUG_INFORMATION_FORMAT = "dwarf-with-dsym";
				ENABLE_NS_ASSERTIONS = NO;
				ENABLE_STRICT_OBJC_MSGSEND = YES;
				GCC_C_LANGUAGE_STANDARD = gnu11;
				GCC_NO_COMMON_BLOCKS = YES;
				GCC_WARN_64_TO_32_BIT_CONVERSION = YES;
				GCC_WARN_ABOUT_RETURN_TYPE = YES_ERROR;
				GCC_WARN_UNDECLARED_SELECTOR = YES;
				GCC_WARN_UNINITIALIZED_AUTOS = YES_AGGRESSIVE;
				GCC_WARN_UNUSED_FUNCTION = YES;
				GCC_WARN_UNUSED_VARIABLE = YES;
				IPHONEOS_DEPLOYMENT_TARGET = 17.0;
				MACOSX_DEPLOYMENT_TARGET = 14.0;
				MTL_ENABLE_DEBUG_INFO = NO;
				MTL_FAST_MATH = YES;
				PRODUCT_NAME = "$(TARGET_NAME)";
				SWIFT_COMPILATION_MODE = wholemodule;
				SWIFT_OPTIMIZATION_LEVEL = "-O";
				SWIFT_VERSION = 5.0;
			};
			name = Release;
		};
		7C0EB0CC59BF9E4B21F0C4EE /* Debug */ = {
			isa = XCBuildConfiguration;
			buildSettings = {
				ALWAYS_SEARCH_USER_PATHS = NO;
				CLANG_ANALYZER_NONNULL = YES;
				CLANG_ANALYZER_NUMBER_OBJECT_CONVERSION = YES_AGGRESSIVE;
				CLANG_CXX_LANGUAGE_STANDARD = "gnu++14";
				CLANG_CXX_LIBRARY = "libc++";
				CLANG_ENABLE_MODULES = YES;
				CLANG_ENABLE_OBJC_ARC = YES;
				CLANG_ENABLE_OBJC_WEAK = YES;
				CLANG_WARN_BLOCK_CAPTURE_AUTORELEASING = YES;
				CLANG_WARN_BOOL_CONVERSION = YES;
				CLANG_WARN_COMMA = YES;
				CLANG_WARN_CONSTANT_CONVERSION = YES;
				CLANG_WARN_DEPRECATED_OBJC_IMPLEMENTATIONS = YES;
				CLANG_WARN_DIRECT_OBJC_ISA_USAGE = YES_ERROR;
				CLANG_WARN_DOCUMENTATION_COMMENTS = YES;
				CLANG_WARN_EMPTY_BODY = YES;
				CLANG_WARN_ENUM_CONVERSION = YES;
				CLANG_WARN_INFINITE_RECURSION = YES;
				CLANG_WARN_INT_CONVERSION = YES;
				CLANG_WARN_NON_LITERAL_NULL_CONVERSION = YES;
				CLANG_WARN_OBJC_IMPLICIT_RETAIN_SELF = YES;
				CLANG_WARN_OBJC_LITERAL_CONVERSION = YES;
				CLANG_WARN_OBJC_ROOT_CLASS = YES_ERROR;
				CLANG_WARN_QUOTED_INCLUDE_IN_FRAMEWORK_HEADER = YES;
				CLANG_WARN_RANGE_LOOP_ANALYSIS = YES;
				CLANG_WARN_STRICT_PROTOTYPES = YES;
				CLANG_WARN_SUSPICIOUS_MOVE = YES;
				CLANG_WARN_UNGUARDED_AVAILABILITY = YES_AGGRESSIVE;
				CLANG_WARN_UNREACHABLE_CODE = YES;
				CLANG_WARN__DUPLICATE_METHOD_MATCH = YES;
				COPY_PHASE_STRIP = NO;
				DEBUG_INFORMATION_FORMAT = dwarf;
				ENABLE_STRICT_OBJC_MSGSEND = YES;
				ENABLE_TESTABILITY = YES;
				GCC_C_LANGUAGE_STANDARD = gnu11;
				GCC_DYNAMIC_NO_PIC = NO;
				GCC_NO_COMMON_BLOCKS = YES;
				GCC_OPTIMIZATION_LEVEL = 0;
				GCC_PREPROCESSOR_DEFINITIONS = (
					"$(inherited)",
					"DEBUG=1",
				);
				GCC_WARN_64_TO_32_BIT_CONVERSION = YES;
				GCC_WARN_ABOUT_RETURN_TYPE = YES_ERROR;
				GCC_WARN_UNDECLARED_SELECTOR = YES;
				GCC_WARN_UNINITIALIZED_AUTOS = YES_AGGRESSIVE;
				GCC_WARN_UNUSED_FUNCTION = YES;
				GCC_WARN_UNUSED_VARIABLE = YES;
				IPHONEOS_DEPLOYMENT_TARGET = 17.0;
				MACOSX_DEPLOYMENT_TARGET = 14.0;
				MTL_ENABLE_DEBUG_INFO = INCLUDE_SOURCE;
				MTL_FAST_MATH = YES;
				ONLY_ACTIVE_ARCH = YES;
				PRODUCT_NAME = "$(TARGET_NAME)";
				SWIFT_ACTIVE_COMPILATION_CONDITIONS = DEBUG;
				SWIFT_OPTIMIZATION_LEVEL = "-Onone";
				SWIFT_VERSION = 5.0;
			};
			name = Debug;
		};
		8FAB443B4611B2234682765D /* Release */ = {
			isa = XCBuildConfiguration;
			baseConfigurationReference = 1F5D334794CC1AED0B01DC08 /* GoogleCredentials.xcconfig */;
			buildSettings = {
				ASSETCATALOG_COMPILER_APPICON_NAME = AppIcon;
				CODE_SIGN_ENTITLEMENTS = DemoAuth/DemoAuth.entitlements;
				CODE_SIGN_IDENTITY = "iPhone Developer";
				DEVELOPMENT_TEAM = 9JVYUSJU3D;
				EXCLUDED_SOURCE_FILE_NAMES = (
					DemoAuthApp.swift,
					DemoAuthDefaultApp.swift,
				);
				INFOPLIST_FILE = DemoAuth/Info.plist;
				IPHONEOS_DEPLOYMENT_TARGET = 17.0;
				LD_RUNPATH_SEARCH_PATHS = (
					"$(inherited)",
					"@executable_path/Frameworks",
				);
				PRODUCT_BUNDLE_IDENTIFIER = com.marekloose.demoauth.custom;
				SDKROOT = iphoneos;
				SUPPORTED_PLATFORMS = "iphoneos iphonesimulator macosx";
				SUPPORTS_MACCATALYST = NO;
				SUPPORTS_MAC_DESIGNED_FOR_IPHONE_IPAD = NO;
				SUPPORTS_XR_DESIGNED_FOR_IPHONE_IPAD = NO;
				SWIFT_VERSION = 6.2;
				TARGETED_DEVICE_FAMILY = "1,2";
			};
			name = Release;
		};
		A6078E1E64C0942FDCB27141 /* Release */ = {
			isa = XCBuildConfiguration;
			buildSettings = {
				BUNDLE_LOADER = "$(TEST_HOST)";
				CODE_SIGNING_REQUIRED = NO;
				CODE_SIGN_IDENTITY = "";
				DEVELOPMENT_TEAM = "";
				GENERATE_INFOPLIST_FILE = YES;
				IPHONEOS_DEPLOYMENT_TARGET = 17.0;
				LD_RUNPATH_SEARCH_PATHS = (
					"$(inherited)",
					"@executable_path/Frameworks",
					"@loader_path/Frameworks",
				);
				PRODUCT_BUNDLE_IDENTIFIER = com.marekloose.DemoAuthCustomTests;
				SDKROOT = iphoneos;
				SUPPORTED_PLATFORMS = "iphoneos iphonesimulator macosx";
				SUPPORTS_MACCATALYST = NO;
				SUPPORTS_MAC_DESIGNED_FOR_IPHONE_IPAD = NO;
				SUPPORTS_XR_DESIGNED_FOR_IPHONE_IPAD = NO;
				SWIFT_VERSION = 6.2;
				TARGETED_DEVICE_FAMILY = "1,2";
				TEST_HOST = "$(BUILT_PRODUCTS_DIR)/DemoAuthCustom.app/$(BUNDLE_EXECUTABLE_FOLDER_PATH)/DemoAuthCustom";
			};
			name = Release;
		};
		DFC3ECC5375C92D69F2C5C11 /* Debug */ = {
			isa = XCBuildConfiguration;
			baseConfigurationReference = 1F5D334794CC1AED0B01DC08 /* GoogleCredentials.xcconfig */;
			buildSettings = {
				ASSETCATALOG_COMPILER_APPICON_NAME = AppIcon;
				CODE_SIGN_ENTITLEMENTS = DemoAuth/DemoAuth.entitlements;
				CODE_SIGN_IDENTITY = "iPhone Developer";
				DEVELOPMENT_TEAM = 9JVYUSJU3D;
				ENABLE_APP_SANDBOX = YES;
				ENABLE_HARDENED_RUNTIME = YES;
				ENABLE_OUTGOING_NETWORK_CONNECTIONS = YES;
				EXCLUDED_SOURCE_FILE_NAMES = (
					DemoAuthApp.swift,
					DemoAuthCustomApp.swift,
				);
				INFOPLIST_FILE = DemoAuth/Info.plist;
				IPHONEOS_DEPLOYMENT_TARGET = 17.0;
				LD_RUNPATH_SEARCH_PATHS = (
					"$(inherited)",
					"@executable_path/Frameworks",
				);
				PRODUCT_BUNDLE_IDENTIFIER = com.marekloose.demoauth.default;
				REGISTER_APP_GROUPS = YES;
				SDKROOT = iphoneos;
				SUPPORTED_PLATFORMS = "iphoneos iphonesimulator macosx";
				SUPPORTS_MACCATALYST = NO;
				SUPPORTS_MAC_DESIGNED_FOR_IPHONE_IPAD = NO;
				SUPPORTS_XR_DESIGNED_FOR_IPHONE_IPAD = NO;
				SWIFT_VERSION = 6.2;
				TARGETED_DEVICE_FAMILY = "1,2";
			};
			name = Debug;
		};
		E90E284CCAEA0F9EB4ADFB00 /* Debug */ = {
			isa = XCBuildConfiguration;
			buildSettings = {
				BUNDLE_LOADER = "$(TEST_HOST)";
				CODE_SIGNING_REQUIRED = NO;
				CODE_SIGN_IDENTITY = "";
				DEVELOPMENT_TEAM = "";
				ENABLE_APP_SANDBOX = YES;
				ENABLE_HARDENED_RUNTIME = YES;
				ENABLE_OUTGOING_NETWORK_CONNECTIONS = YES;
				GENERATE_INFOPLIST_FILE = YES;
				IPHONEOS_DEPLOYMENT_TARGET = 17.0;
				LD_RUNPATH_SEARCH_PATHS = (
					"$(inherited)",
					"@executable_path/Frameworks",
					"@loader_path/Frameworks",
				);
				PRODUCT_BUNDLE_IDENTIFIER = com.marekloose.DemoAuthDefaultTests;
				REGISTER_APP_GROUPS = YES;
				SDKROOT = iphoneos;
				SUPPORTED_PLATFORMS = "iphoneos iphonesimulator macosx";
				SUPPORTS_MACCATALYST = NO;
				SUPPORTS_MAC_DESIGNED_FOR_IPHONE_IPAD = NO;
				SUPPORTS_XR_DESIGNED_FOR_IPHONE_IPAD = NO;
				SWIFT_VERSION = 6.2;
				TARGETED_DEVICE_FAMILY = "1,2";
				TEST_HOST = "$(BUILT_PRODUCTS_DIR)/DemoAuthDefault.app/$(BUNDLE_EXECUTABLE_FOLDER_PATH)/DemoAuthDefault";
			};
			name = Debug;
		};
		FE8C4DE7C303ABB749F2EE8B /* Release */ = {
			isa = XCBuildConfiguration;
			baseConfigurationReference = 1F5D334794CC1AED0B01DC08 /* GoogleCredentials.xcconfig */;
			buildSettings = {
				ASSETCATALOG_COMPILER_APPICON_NAME = AppIcon;
				CODE_SIGN_ENTITLEMENTS = DemoAuth/DemoAuth.entitlements;
				CODE_SIGN_IDENTITY = "iPhone Developer";
				DEVELOPMENT_TEAM = 9JVYUSJU3D;
				EXCLUDED_SOURCE_FILE_NAMES = (
					DemoAuthApp.swift,
					DemoAuthCustomApp.swift,
				);
				INFOPLIST_FILE = DemoAuth/Info.plist;
				IPHONEOS_DEPLOYMENT_TARGET = 17.0;
				LD_RUNPATH_SEARCH_PATHS = (
					"$(inherited)",
					"@executable_path/Frameworks",
				);
				PRODUCT_BUNDLE_IDENTIFIER = com.marekloose.demoauth.default;
				SDKROOT = iphoneos;
				SUPPORTED_PLATFORMS = "iphoneos iphonesimulator macosx";
				SUPPORTS_MACCATALYST = NO;
				SUPPORTS_MAC_DESIGNED_FOR_IPHONE_IPAD = NO;
				SUPPORTS_XR_DESIGNED_FOR_IPHONE_IPAD = NO;
				SWIFT_VERSION = 6.2;
				TARGETED_DEVICE_FAMILY = "1,2";
			};
			name = Release;
		};
/* End XCBuildConfiguration section */

/* Begin XCConfigurationList section */
		1ED5341A39623E92EDF2A189 /* Build configuration list for PBXNativeTarget "DemoAuthDefaultTests" */ = {
			isa = XCConfigurationList;
			buildConfigurations = (
				E90E284CCAEA0F9EB4ADFB00 /* Debug */,
				6188615646682DB23944FBD7 /* Release */,
			);
			defaultConfigurationIsVisible = 0;
			defaultConfigurationName = Debug;
		};
		4EA1A45BA305425F2F1ED889 /* Build configuration list for PBXProject "DemoAuth" */ = {
			isa = XCConfigurationList;
			buildConfigurations = (
				7C0EB0CC59BF9E4B21F0C4EE /* Debug */,
				768CDDAF8226451A1CAAB086 /* Release */,
			);
			defaultConfigurationIsVisible = 0;
			defaultConfigurationName = Debug;
		};
		748F2AD1B0D1F20A479B6756 /* Build configuration list for PBXNativeTarget "DemoAuthDefault" */ = {
			isa = XCConfigurationList;
			buildConfigurations = (
				DFC3ECC5375C92D69F2C5C11 /* Debug */,
				FE8C4DE7C303ABB749F2EE8B /* Release */,
			);
			defaultConfigurationIsVisible = 0;
			defaultConfigurationName = Debug;
		};
		78675F055821C4422F032383 /* Build configuration list for PBXNativeTarget "DemoAuthCustomTests" */ = {
			isa = XCConfigurationList;
			buildConfigurations = (
				58D980179A654082D2C2303B /* Debug */,
				A6078E1E64C0942FDCB27141 /* Release */,
			);
			defaultConfigurationIsVisible = 0;
			defaultConfigurationName = Debug;
		};
		E13B612EB8CE5FA328829693 /* Build configuration list for PBXNativeTarget "DemoAuthCustom" */ = {
			isa = XCConfigurationList;
			buildConfigurations = (
				4424F397AEF07F04A6FB99FC /* Debug */,
				8FAB443B4611B2234682765D /* Release */,
			);
			defaultConfigurationIsVisible = 0;
			defaultConfigurationName = Debug;
		};
/* End XCConfigurationList section */

/* Begin XCLocalSwiftPackageReference section */
		7E61671E65B85FDD6803C2FC /* XCLocalSwiftPackageReference "../.." */ = {
			isa = XCLocalSwiftPackageReference;
			relativePath = ../..;
		};
/* End XCLocalSwiftPackageReference section */

/* Begin XCSwiftPackageProductDependency section */
		36DC85E354C3F89938FE4968 /* AuthClient */ = {
			isa = XCSwiftPackageProductDependency;
			productName = AuthClient;
		};
		66091D300E5F8CECCC81D738 /* AuthClient */ = {
			isa = XCSwiftPackageProductDependency;
			productName = AuthClient;
		};
/* End XCSwiftPackageProductDependency section */
	};
	rootObject = 258D18AEF6DF26323470E558 /* Project object */;
}
