// !$*UTF8*$!
{
	archiveVersion = 1;
	classes = {
	};
	objectVersion = 77;
	objects = {

/* Begin PBXBuildFile section */
		07D1CB41C8A85B4E28BB7B8C /* DemoAuthApp.swift in Sources */ = {isa = PBXBuildFile; fileRef = D3C76D4B50F108752FB975C0 /* DemoAuthApp.swift */; };
		0AD2E266E57E0E0CF4F811EB /* DemoAuthCustomApp.swift in Sources */ = {isa = PBXBuildFile; fileRef = 48CFE905BD2970672E6FFB45 /* DemoAuthCustomApp.swift */; };
		142A3E75A23261C615A07B2B /* DemoAuthmacOSTests.swift in Sources */ = {isa = PBXBuildFile; fileRef = EB6724C386B29B26E603A1D2 /* DemoAuthmacOSTests.swift */; };
		1D2FD7CC24F5E33B86746A8C /* ContentView.swift in Sources */ = {isa = PBXBuildFile; fileRef = 8BD45418B3B0372D510503D7 /* ContentView.swift */; };
		4C45338889A4F84CD810677E /* DemoAuthCustomApp.swift in Sources */ = {isa = PBXBuildFile; fileRef = 48CFE905BD2970672E6FFB45 /* DemoAuthCustomApp.swift */; };
		76284F560AE32B1FD89AE6C9 /* DemoAuthDefaultTests.swift in Sources */ = {isa = PBXBuildFile; fileRef = 8824A1CB67156CFA27C26790 /* DemoAuthDefaultTests.swift */; };
		797FC8029B385D063F9AD164 /* ContentView.swift in Sources */ = {isa = PBXBuildFile; fileRef = 8BD45418B3B0372D510503D7 /* ContentView.swift */; };
		7F3D8842923CF7F8F1217901 /* DemoAuthCustomApp.swift in Sources */ = {isa = PBXBuildFile; fileRef = 48CFE905BD2970672E6FFB45 /* DemoAuthCustomApp.swift */; };
		803B4A2913661D4CC0390B16 /* DemoAuthCustomTests.swift in Sources */ = {isa = PBXBuildFile; fileRef = 10E530CC144816DD1CAD772F /* DemoAuthCustomTests.swift */; };
		81F877C8D6957113B35693F6 /* DemoAuthDefaultApp.swift in Sources */ = {isa = PBXBuildFile; fileRef = CA7D287FD52AD54574C835E4 /* DemoAuthDefaultApp.swift */; };
		8B440098800F38E71293EB91 /* DemoAuthDefaultApp.swift in Sources */ = {isa = PBXBuildFile; fileRef = CA7D287FD52AD54574C835E4 /* DemoAuthDefaultApp.swift */; };
		934A2EA16C253E97D580F8AD /* DemoAuthDefaultApp.swift in Sources */ = {isa = PBXBuildFile; fileRef = CA7D287FD52AD54574C835E4 /* DemoAuthDefaultApp.swift */; };
		ADBAE9559B32299A297BBEE8 /* DemoAuthApp.swift in Sources */ = {isa = PBXBuildFile; fileRef = D3C76D4B50F108752FB975C0 /* DemoAuthApp.swift */; };
		B275228DCF2F65256164B8B4 /* ContentView.swift in Sources */ = {isa = PBXBuildFile; fileRef = 8BD45418B3B0372D510503D7 /* ContentView.swift */; };
		BA8472BEADFE5EA2DCC0EA77 /* DemoAuthDefaultApp.swift in Sources */ = {isa = PBXBuildFile; fileRef = CA7D287FD52AD54574C835E4 /* DemoAuthDefaultApp.swift */; };
		BDF8903AB85D45EAB690A161 /* DemoAuthCustomApp.swift in Sources */ = {isa = PBXBuildFile; fileRef = 48CFE905BD2970672E6FFB45 /* DemoAuthCustomApp.swift */; };
		D5FACC89FBAB1B6B54BF8082 /* ContentView.swift in Sources */ = {isa = PBXBuildFile; fileRef = 8BD45418B3B0372D510503D7 /* ContentView.swift */; };
		ECE1FD9CDD8509DF28951C12 /* DemoAuthTests.swift in Sources */ = {isa = PBXBuildFile; fileRef = 18D7D261B0133D236965ACC0 /* DemoAuthTests.swift */; };
		F28C76D5646BB379984B0322 /* DemoAuthApp.swift in Sources */ = {isa = PBXBuildFile; fileRef = D3C76D4B50F108752FB975C0 /* DemoAuthApp.swift */; };
		F3EC4A73C6C8FD3EA4214FDB /* DemoAuthApp.swift in Sources */ = {isa = PBXBuildFile; fileRef = D3C76D4B50F108752FB975C0 /* DemoAuthApp.swift */; };
/* End PBXBuildFile section */

/* Begin PBXContainerItemProxy section */
		56A750A564A38EB634332F8F /* PBXContainerItemProxy */ = {
			isa = PBXContainerItemProxy;
			containerPortal = 258D18AEF6DF26323470E558 /* Project object */;
			proxyType = 1;
			remoteGlobalIDString = 22DBB17B0341E71E6F79BB4C;
			remoteInfo = DemoAuthmacOS;
		};
		82E800AC26DDA05B220EA589 /* PBXContainerItemProxy */ = {
			isa = PBXContainerItemProxy;
			containerPortal = 258D18AEF6DF26323470E558 /* Project object */;
			proxyType = 1;
			remoteGlobalIDString = C48FF9C253DFE85FE308CE72;
			remoteInfo = DemoAuthDefault;
		};
		B470E63FA9E76E1478C9A585 /* PBXContainerItemProxy */ = {
			isa = PBXContainerItemProxy;
			containerPortal = 258D18AEF6DF26323470E558 /* Project object */;
			proxyType = 1;
			remoteGlobalIDString = 17B49D7D8A2E4B6ACB4683F9;
			remoteInfo = DemoAuth;
		};
		D715B2835DB3D202CAC237D3 /* PBXContainerItemProxy */ = {
			isa = PBXContainerItemProxy;
			containerPortal = 258D18AEF6DF26323470E558 /* Project object */;
			proxyType = 1;
			remoteGlobalIDString = ED46C063911CA4E47F93C9A8;
			remoteInfo = DemoAuthCustom;
		};
/* End PBXContainerItemProxy section */

/* Begin PBXFileReference section */
		09B2372158E58D67F7EF0D1D /* DemoAuthDefaultTests.xctest */ = {isa = PBXFileReference; includeInIndex = 0; lastKnownFileType = wrapper.cfbundle; path = DemoAuthDefaultTests.xctest; sourceTree = BUILT_PRODUCTS_DIR; };
		10E530CC144816DD1CAD772F /* DemoAuthCustomTests.swift */ = {isa = PBXFileReference; lastKnownFileType = sourcecode.swift; path = DemoAuthCustomTests.swift; sourceTree = "<group>"; };
		18D7D261B0133D236965ACC0 /* DemoAuthTests.swift */ = {isa = PBXFileReference; lastKnownFileType = sourcecode.swift; path = DemoAuthTests.swift; sourceTree = "<group>"; };
		424BE21DBC266A017203EC29 /* DemoAuthCustom.app */ = {isa = PBXFileReference; includeInIndex = 0; lastKnownFileType = wrapper.application; path = DemoAuthCustom.app; sourceTree = BUILT_PRODUCTS_DIR; };
		48188D175C9675D3B6614690 /* DemoAuthCustomTests.xctest */ = {isa = PBXFileReference; includeInIndex = 0; lastKnownFileType = wrapper.cfbundle; path = DemoAuthCustomTests.xctest; sourceTree = BUILT_PRODUCTS_DIR; };
		48CFE905BD2970672E6FFB45 /* DemoAuthCustomApp.swift */ = {isa = PBXFileReference; lastKnownFileType = sourcecode.swift; path = DemoAuthCustomApp.swift; sourceTree = "<group>"; };
		77037612B5E38ACDA8360DB6 /* DemoAuthmacOS.app */ = {isa = PBXFileReference; explicitFileType = wrapper.application; includeInIndex = 0; path = DemoAuthmacOS.app; sourceTree = BUILT_PRODUCTS_DIR; };
		80ECFF3AE47A6DA7E6F07E1B /* DemoAuth.app */ = {isa = PBXFileReference; includeInIndex = 0; lastKnownFileType = wrapper.application; path = DemoAuth.app; sourceTree = BUILT_PRODUCTS_DIR; };
		8824A1CB67156CFA27C26790 /* DemoAuthDefaultTests.swift */ = {isa = PBXFileReference; lastKnownFileType = sourcecode.swift; path = DemoAuthDefaultTests.swift; sourceTree = "<group>"; };
		8BD45418B3B0372D510503D7 /* ContentView.swift */ = {isa = PBXFileReference; lastKnownFileType = sourcecode.swift; path = ContentView.swift; sourceTree = "<group>"; };
		9ACBFCE6F98860C8A96D2932 /* DemoAuthmacOSTests.xctest */ = {isa = PBXFileReference; explicitFileType = wrapper.cfbundle; includeInIndex = 0; path = DemoAuthmacOSTests.xctest; sourceTree = BUILT_PRODUCTS_DIR; };
		B041BEAD33B8B765DCC6852C /* Info.plist */ = {isa = PBXFileReference; lastKnownFileType = text.plist; path = Info.plist; sourceTree = "<group>"; };
		B3997B605F737674862DCCD6 /* DemoAuthDefault.app */ = {isa = PBXFileReference; includeInIndex = 0; lastKnownFileType = wrapper.application; path = DemoAuthDefault.app; sourceTree = BUILT_PRODUCTS_DIR; };
		CA7D287FD52AD54574C835E4 /* DemoAuthDefaultApp.swift */ = {isa = PBXFileReference; lastKnownFileType = sourcecode.swift; path = DemoAuthDefaultApp.swift; sourceTree = "<group>"; };
		D3C76D4B50F108752FB975C0 /* DemoAuthApp.swift */ = {isa = PBXFileReference; lastKnownFileType = sourcecode.swift; path = DemoAuthApp.swift; sourceTree = "<group>"; };
		E200BD79CDAB9D156470DE55 /* DemoAuthTests.xctest */ = {isa = PBXFileReference; includeInIndex = 0; lastKnownFileType = wrapper.cfbundle; path = DemoAuthTests.xctest; sourceTree = BUILT_PRODUCTS_DIR; };
		EB6724C386B29B26E603A1D2 /* DemoAuthmacOSTests.swift */ = {isa = PBXFileReference; lastKnownFileType = sourcecode.swift; path = DemoAuthmacOSTests.swift; sourceTree = "<group>"; };
/* End PBXFileReference section */

/* Begin PBXGroup section */
		292F308AAE1B6EDBD87D5782 /* DemoAuthDefaultTests */ = {
			isa = PBXGroup;
			children = (
				8824A1CB67156CFA27C26790 /* DemoAuthDefaultTests.swift */,
			);
			path = DemoAuthDefaultTests;
			sourceTree = "<group>";
		};
		38E920562EA71F3EC128C8CD /* DemoAuth */ = {
			isa = PBXGroup;
			children = (
				8BD45418B3B0372D510503D7 /* ContentView.swift */,
				D3C76D4B50F108752FB975C0 /* DemoAuthApp.swift */,
				48CFE905BD2970672E6FFB45 /* DemoAuthCustomApp.swift */,
				CA7D287FD52AD54574C835E4 /* DemoAuthDefaultApp.swift */,
				B041BEAD33B8B765DCC6852C /* Info.plist */,
			);
			path = DemoAuth;
			sourceTree = "<group>";
		};
		7A7213783383812B0ABFD6E4 = {
			isa = PBXGroup;
			children = (
				38E920562EA71F3EC128C8CD /* DemoAuth */,
				EBD72507DAC7ADDA39947105 /* DemoAuthCustomTests */,
				292F308AAE1B6EDBD87D5782 /* DemoAuthDefaultTests */,
				8C1C67D46CA131E1952F479F /* DemoAuthmacOSTests */,
				876E467C343E56C8FBF5EBA2 /* DemoAuthTests */,
				8E4C35AEF7C4AAF40C2EFCD3 /* Products */,
			);
			sourceTree = "<group>";
		};
		876E467C343E56C8FBF5EBA2 /* DemoAuthTests */ = {
			isa = PBXGroup;
			children = (
				18D7D261B0133D236965ACC0 /* DemoAuthTests.swift */,
			);
			path = DemoAuthTests;
			sourceTree = "<group>";
		};
		8C1C67D46CA131E1952F479F /* DemoAuthmacOSTests */ = {
			isa = PBXGroup;
			children = (
				EB6724C386B29B26E603A1D2 /* DemoAuthmacOSTests.swift */,
			);
			path = DemoAuthmacOSTests;
			sourceTree = "<group>";
		};
		8E4C35AEF7C4AAF40C2EFCD3 /* Products */ = {
			isa = PBXGroup;
			children = (
				80ECFF3AE47A6DA7E6F07E1B /* DemoAuth.app */,
				424BE21DBC266A017203EC29 /* DemoAuthCustom.app */,
				48188D175C9675D3B6614690 /* DemoAuthCustomTests.xctest */,
				B3997B605F737674862DCCD6 /* DemoAuthDefault.app */,
				09B2372158E58D67F7EF0D1D /* DemoAuthDefaultTests.xctest */,
				77037612B5E38ACDA8360DB6 /* DemoAuthmacOS.app */,
				9ACBFCE6F98860C8A96D2932 /* DemoAuthmacOSTests.xctest */,
				E200BD79CDAB9D156470DE55 /* DemoAuthTests.xctest */,
			);
			name = Products;
			sourceTree = "<group>";
		};
		EBD72507DAC7ADDA39947105 /* DemoAuthCustomTests */ = {
			isa = PBXGroup;
			children = (
				10E530CC144816DD1CAD772F /* DemoAuthCustomTests.swift */,
			);
			path = DemoAuthCustomTests;
			sourceTree = "<group>";
		};
/* End PBXGroup section */

/* Begin PBXNativeTarget section */
		17B49D7D8A2E4B6ACB4683F9 /* DemoAuth */ = {
			isa = PBXNativeTarget;
			buildConfigurationList = 5B16B64A138A72D414EB6DF1 /* Build configuration list for PBXNativeTarget "DemoAuth" */;
			buildPhases = (
				BE17CCF5ED8D499AC428E53E /* Sources */,
			);
			buildRules = (
			);
			dependencies = (
			);
			name = DemoAuth;
			packageProductDependencies = (
			);
			productName = DemoAuth;
			productReference = 80ECFF3AE47A6DA7E6F07E1B /* DemoAuth.app */;
			productType = "com.apple.product-type.application";
		};
		22DBB17B0341E71E6F79BB4C /* DemoAuthmacOS */ = {
			isa = PBXNativeTarget;
			buildConfigurationList = 64943EED8DC8B013D5D7B788 /* Build configuration list for PBXNativeTarget "DemoAuthmacOS" */;
			buildPhases = (
				9A40EB4E149277FE264190BC /* Sources */,
			);
			buildRules = (
			);
			dependencies = (
			);
			name = DemoAuthmacOS;
			packageProductDependencies = (
			);
			productName = DemoAuthmacOS;
			productReference = 77037612B5E38ACDA8360DB6 /* DemoAuthmacOS.app */;
			productType = "com.apple.product-type.application";
		};
		3FACA7D5BFA1ACE2DF917D25 /* DemoAuthCustomTests */ = {
			isa = PBXNativeTarget;
			buildConfigurationList = 78675F055821C4422F032383 /* Build configuration list for PBXNativeTarget "DemoAuthCustomTests" */;
			buildPhases = (
				7D137F6C1C1C733A360A7CB4 /* Sources */,
			);
			buildRules = (
			);
			dependencies = (
				997C7C39BB0750764AF90EF1 /* PBXTargetDependency */,
			);
			name = DemoAuthCustomTests;
			packageProductDependencies = (
			);
			productName = DemoAuthCustomTests;
			productReference = 48188D175C9675D3B6614690 /* DemoAuthCustomTests.xctest */;
			productType = "com.apple.product-type.bundle.unit-test";
		};
		5205EF7BA72D2AA5F595B2A7 /* DemoAuthTests */ = {
			isa = PBXNativeTarget;
			buildConfigurationList = C87E9621FE22C5CE6F16F187 /* Build configuration list for PBXNativeTarget "DemoAuthTests" */;
			buildPhases = (
				DAB55E0D6B78D06A4E9BE1E0 /* Sources */,
			);
			buildRules = (
			);
			dependencies = (
				60F0AAB94F01ACBB3FD55C73 /* PBXTargetDependency */,
			);
			name = DemoAuthTests;
			packageProductDependencies = (
			);
			productName = DemoAuthTests;
			productReference = E200BD79CDAB9D156470DE55 /* DemoAuthTests.xctest */;
			productType = "com.apple.product-type.bundle.unit-test";
		};
		6037B85ACE7284FBE93E7EC4 /* DemoAuthmacOSTests */ = {
			isa = PBXNativeTarget;
			buildConfigurationList = 8E44A7FCFDB3F5FE11C72779 /* Build configuration list for PBXNativeTarget "DemoAuthmacOSTests" */;
			buildPhases = (
				0F94F30508ECF9EBC69E81B7 /* Sources */,
			);
			buildRules = (
			);
			dependencies = (
				5BDCF093C9ADBC11A8CF72D7 /* PBXTargetDependency */,
			);
			name = DemoAuthmacOSTests;
			packageProductDependencies = (
			);
			productName = DemoAuthmacOSTests;
			productReference = 9ACBFCE6F98860C8A96D2932 /* DemoAuthmacOSTests.xctest */;
			productType = "com.apple.product-type.bundle.unit-test";
		};
		720DFBD6523C6C4B3E81CB3E /* DemoAuthDefaultTests */ = {
			isa = PBXNativeTarget;
			buildConfigurationList = 1ED5341A39623E92EDF2A189 /* Build configuration list for PBXNativeTarget "DemoAuthDefaultTests" */;
			buildPhases = (
				83AF93C71F2A7409B4C4DA94 /* Sources */,
			);
			buildRules = (
			);
			dependencies = (
				CDF2BA2C86367F81D566444D /* PBXTargetDependency */,
			);
			name = DemoAuthDefaultTests;
			packageProductDependencies = (
			);
			productName = DemoAuthDefaultTests;
			productReference = 09B2372158E58D67F7EF0D1D /* DemoAuthDefaultTests.xctest */;
			productType = "com.apple.product-type.bundle.unit-test";
		};
		C48FF9C253DFE85FE308CE72 /* DemoAuthDefault */ = {
			isa = PBXNativeTarget;
			buildConfigurationList = 748F2AD1B0D1F20A479B6756 /* Build configuration list for PBXNativeTarget "DemoAuthDefault" */;
			buildPhases = (
				CF819DF4D7A995EC5E837CAD /* Sources */,
			);
			buildRules = (
			);
			dependencies = (
			);
			name = DemoAuthDefault;
			packageProductDependencies = (
			);
			productName = DemoAuthDefault;
			productReference = B3997B605F737674862DCCD6 /* DemoAuthDefault.app */;
			productType = "com.apple.product-type.application";
		};
		ED46C063911CA4E47F93C9A8 /* DemoAuthCustom */ = {
			isa = PBXNativeTarget;
			buildConfigurationList = E13B612EB8CE5FA328829693 /* Build configuration list for PBXNativeTarget "DemoAuthCustom" */;
			buildPhases = (
				E2DD3BCBA26AB01AF1771107 /* Sources */,
			);
			buildRules = (
			);
			dependencies = (
			);
			name = DemoAuthCustom;
			packageProductDependencies = (
			);
			productName = DemoAuthCustom;
			productReference = 424BE21DBC266A017203EC29 /* DemoAuthCustom.app */;
			productType = "com.apple.product-type.application";
		};
/* End PBXNativeTarget section */

/* Begin PBXProject section */
		258D18AEF6DF26323470E558 /* Project object */ = {
			isa = PBXProject;
			attributes = {
				BuildIndependentTargetsInParallel = YES;
				LastUpgradeCheck = 1430;
				TargetAttributes = {
					17B49D7D8A2E4B6ACB4683F9 = {
						DevelopmentTeam = 9JVYUSJU3D;
					};
					22DBB17B0341E71E6F79BB4C = {
						DevelopmentTeam = 9JVYUSJU3D;
					};
					3FACA7D5BFA1ACE2DF917D25 = {
						DevelopmentTeam = "";
					};
					5205EF7BA72D2AA5F595B2A7 = {
						DevelopmentTeam = "";
					};
					6037B85ACE7284FBE93E7EC4 = {
						DevelopmentTeam = "";
					};
					720DFBD6523C6C4B3E81CB3E = {
						DevelopmentTeam = "";
					};
					C48FF9C253DFE85FE308CE72 = {
						DevelopmentTeam = 9JVYUSJU3D;
					};
					ED46C063911CA4E47F93C9A8 = {
						DevelopmentTeam = 9JVYUSJU3D;
					};
				};
			};
			buildConfigurationList = 4EA1A45BA305425F2F1ED889 /* Build configuration list for PBXProject "DemoAuth" */;
			developmentRegion = en;
			hasScannedForEncodings = 0;
			knownRegions = (
				Base,
				en,
			);
			mainGroup = 7A7213783383812B0ABFD6E4;
			minimizedProjectReferenceProxies = 1;
			preferredProjectObjectVersion = 77;
			productRefGroup = 8E4C35AEF7C4AAF40C2EFCD3 /* Products */;
			projectDirPath = "";
			projectRoot = "";
			targets = (
				17B49D7D8A2E4B6ACB4683F9 /* DemoAuth */,
				ED46C063911CA4E47F93C9A8 /* DemoAuthCustom */,
				3FACA7D5BFA1ACE2DF917D25 /* DemoAuthCustomTests */,
				C48FF9C253DFE85FE308CE72 /* DemoAuthDefault */,
				720DFBD6523C6C4B3E81CB3E /* DemoAuthDefaultTests */,
				5205EF7BA72D2AA5F595B2A7 /* DemoAuthTests */,
				22DBB17B0341E71E6F79BB4C /* DemoAuthmacOS */,
				6037B85ACE7284FBE93E7EC4 /* DemoAuthmacOSTests */,
			);
		};
/* End PBXProject section */

/* Begin PBXSourcesBuildPhase section */
		0F94F30508ECF9EBC69E81B7 /* Sources */ = {
			isa = PBXSourcesBuildPhase;
			buildActionMask = 2147483647;
			files = (
				142A3E75A23261C615A07B2B /* DemoAuthmacOSTests.swift in Sources */,
			);
			runOnlyForDeploymentPostprocessing = 0;
		};
		7D137F6C1C1C733A360A7CB4 /* Sources */ = {
			isa = PBXSourcesBuildPhase;
			buildActionMask = 2147483647;
			files = (
				803B4A2913661D4CC0390B16 /* DemoAuthCustomTests.swift in Sources */,
			);
			runOnlyForDeploymentPostprocessing = 0;
		};
		83AF93C71F2A7409B4C4DA94 /* Sources */ = {
			isa = PBXSourcesBuildPhase;
			buildActionMask = 2147483647;
			files = (
				76284F560AE32B1FD89AE6C9 /* DemoAuthDefaultTests.swift in Sources */,
			);
			runOnlyForDeploymentPostprocessing = 0;
		};
		9A40EB4E149277FE264190BC /* Sources */ = {
			isa = PBXSourcesBuildPhase;
			buildActionMask = 2147483647;
			files = (
				797FC8029B385D063F9AD164 /* ContentView.swift in Sources */,
				ADBAE9559B32299A297BBEE8 /* DemoAuthApp.swift in Sources */,
				BDF8903AB85D45EAB690A161 /* DemoAuthCustomApp.swift in Sources */,
				8B440098800F38E71293EB91 /* DemoAuthDefaultApp.swift in Sources */,
			);
			runOnlyForDeploymentPostprocessing = 0;
		};
		BE17CCF5ED8D499AC428E53E /* Sources */ = {
			isa = PBXSourcesBuildPhase;
			buildActionMask = 2147483647;
			files = (
				B275228DCF2F65256164B8B4 /* ContentView.swift in Sources */,
				F28C76D5646BB379984B0322 /* DemoAuthApp.swift in Sources */,
				4C45338889A4F84CD810677E /* DemoAuthCustomApp.swift in Sources */,
				BA8472BEADFE5EA2DCC0EA77 /* DemoAuthDefaultApp.swift in Sources */,
			);
			runOnlyForDeploymentPostprocessing = 0;
		};
		CF819DF4D7A995EC5E837CAD /* Sources */ = {
			isa = PBXSourcesBuildPhase;
			buildActionMask = 2147483647;
			files = (
				1D2FD7CC24F5E33B86746A8C /* ContentView.swift in Sources */,
				F3EC4A73C6C8FD3EA4214FDB /* DemoAuthApp.swift in Sources */,
				7F3D8842923CF7F8F1217901 /* DemoAuthCustomApp.swift in Sources */,
				81F877C8D6957113B35693F6 /* DemoAuthDefaultApp.swift in Sources */,
			);
			runOnlyForDeploymentPostprocessing = 0;
		};
		DAB55E0D6B78D06A4E9BE1E0 /* Sources */ = {
			isa = PBXSourcesBuildPhase;
			buildActionMask = 2147483647;
			files = (
				ECE1FD9CDD8509DF28951C12 /* DemoAuthTests.swift in Sources */,
			);
			runOnlyForDeploymentPostprocessing = 0;
		};
		E2DD3BCBA26AB01AF1771107 /* Sources */ = {
			isa = PBXSourcesBuildPhase;
			buildActionMask = 2147483647;
			files = (
				D5FACC89FBAB1B6B54BF8082 /* ContentView.swift in Sources */,
				07D1CB41C8A85B4E28BB7B8C /* DemoAuthApp.swift in Sources */,
				0AD2E266E57E0E0CF4F811EB /* DemoAuthCustomApp.swift in Sources */,
				934A2EA16C253E97D580F8AD /* DemoAuthDefaultApp.swift in Sources */,
			);
			runOnlyForDeploymentPostprocessing = 0;
		};
/* End PBXSourcesBuildPhase section */

/* Begin PBXTargetDependency section */
		5BDCF093C9ADBC11A8CF72D7 /* PBXTargetDependency */ = {
			isa = PBXTargetDependency;
			target = 22DBB17B0341E71E6F79BB4C /* DemoAuthmacOS */;
			targetProxy = 56A750A564A38EB634332F8F /* PBXContainerItemProxy */;
		};
		60F0AAB94F01ACBB3FD55C73 /* PBXTargetDependency */ = {
			isa = PBXTargetDependency;
			target = 17B49D7D8A2E4B6ACB4683F9 /* DemoAuth */;
			targetProxy = B470E63FA9E76E1478C9A585 /* PBXContainerItemProxy */;
		};
		997C7C39BB0750764AF90EF1 /* PBXTargetDependency */ = {
			isa = PBXTargetDependency;
			target = ED46C063911CA4E47F93C9A8 /* DemoAuthCustom */;
			targetProxy = D715B2835DB3D202CAC237D3 /* PBXContainerItemProxy */;
		};
		CDF2BA2C86367F81D566444D /* PBXTargetDependency */ = {
			isa = PBXTargetDependency;
			target = C48FF9C253DFE85FE308CE72 /* DemoAuthDefault */;
			targetProxy = 82E800AC26DDA05B220EA589 /* PBXContainerItemProxy */;
		};
/* End PBXTargetDependency section */

/* Begin XCBuildConfiguration section */
		12D51973ABDC468F8DDF893A /* Debug */ = {
			isa = XCBuildConfiguration;
			buildSettings = {
				ASSETCATALOG_COMPILER_APPICON_NAME = AppIcon;
				CODE_SIGN_IDENTITY = "iPhone Developer";
				DEVELOPMENT_TEAM = 9JVYUSJU3D;
				EXCLUDED_SOURCE_FILE_NAMES = "DemoAuthDefaultApp.swift DemoAuthCustomApp.swift";
				INFOPLIST_FILE = DemoAuth/Info.plist;
				IPHONEOS_DEPLOYMENT_TARGET = 17.0;
				LD_RUNPATH_SEARCH_PATHS = (
					"$(inherited)",
					"@executable_path/Frameworks",
				);
				PRODUCT_BUNDLE_IDENTIFIER = com.marekloose.DemoAuth;
				SDKROOT = iphoneos;
				SWIFT_VERSION = 6.2;
				TARGETED_DEVICE_FAMILY = "1,2";
			};
			name = Debug;
		};
		295BC9DDC085E43E70353817 /* Release */ = {
			isa = XCBuildConfiguration;
			buildSettings = {
				ASSETCATALOG_COMPILER_APPICON_NAME = AppIcon;
				CODE_SIGN_IDENTITY = "iPhone Developer";
				DEVELOPMENT_TEAM = 9JVYUSJU3D;
				EXCLUDED_SOURCE_FILE_NAMES = "DemoAuthDefaultApp.swift DemoAuthCustomApp.swift";
				INFOPLIST_FILE = DemoAuth/Info.plist;
				IPHONEOS_DEPLOYMENT_TARGET = 17.0;
				LD_RUNPATH_SEARCH_PATHS = (
					"$(inherited)",
					"@executable_path/Frameworks",
				);
				PRODUCT_BUNDLE_IDENTIFIER = com.marekloose.DemoAuth;
				SDKROOT = iphoneos;
				SWIFT_VERSION = 6.2;
				TARGETED_DEVICE_FAMILY = "1,2";
			};
			name = Release;
		};
		37F3A06C1E60E321D6CF8F05 /* Release */ = {
			isa = XCBuildConfiguration;
			buildSettings = {
				BUNDLE_LOADER = "$(TEST_HOST)";
				CODE_SIGNING_REQUIRED = NO;
				CODE_SIGN_IDENTITY = "";
				COMBINE_HIDPI_IMAGES = YES;
				DEVELOPMENT_TEAM = "";
				GENERATE_INFOPLIST_FILE = YES;
				LD_RUNPATH_SEARCH_PATHS = (
					"$(inherited)",
					"@executable_path/../Frameworks",
					"@loader_path/../Frameworks",
				);
				MACOSX_DEPLOYMENT_TARGET = 14.0;
				PRODUCT_BUNDLE_IDENTIFIER = com.marekloose.DemoAuthmacOSTests;
				SDKROOT = macosx;
				SWIFT_VERSION = 6.2;
				TEST_HOST = "$(BUILT_PRODUCTS_DIR)/DemoAuthmacOS.app/Contents/MacOS/DemoAuthmacOS";
			};
			name = Release;
		};
		4424F397AEF07F04A6FB99FC /* Debug */ = {
			isa = XCBuildConfiguration;
			buildSettings = {
				ASSETCATALOG_COMPILER_APPICON_NAME = AppIcon;
				CODE_SIGN_IDENTITY = "iPhone Developer";
				DEVELOPMENT_TEAM = 9JVYUSJU3D;
				EXCLUDED_SOURCE_FILE_NAMES = "DemoAuthApp.swift DemoAuthDefaultApp.swift";
				INFOPLIST_FILE = DemoAuth/Info.plist;
				IPHONEOS_DEPLOYMENT_TARGET = 17.0;
				LD_RUNPATH_SEARCH_PATHS = (
					"$(inherited)",
					"@executable_path/Frameworks",
				);
				PRODUCT_BUNDLE_IDENTIFIER = com.marekloose.demoauth.custom;
				SDKROOT = iphoneos;
				SWIFT_VERSION = 6.2;
				TARGETED_DEVICE_FAMILY = "1,2";
			};
			name = Debug;
		};
		58D980179A654082D2C2303B /* Debug */ = {
			isa = XCBuildConfiguration;
			buildSettings = {
				BUNDLE_LOADER = "$(TEST_HOST)";
				CODE_SIGNING_REQUIRED = NO;
				CODE_SIGN_IDENTITY = "";
				DEVELOPMENT_TEAM = "";
				GENERATE_INFOPLIST_FILE = YES;
				IPHONEOS_DEPLOYMENT_TARGET = 17.0;
				LD_RUNPATH_SEARCH_PATHS = (
					"$(inherited)",
					"@executable_path/Frameworks",
					"@loader_path/Frameworks",
				);
				PRODUCT_BUNDLE_IDENTIFIER = com.marekloose.DemoAuthCustomTests;
				SDKROOT = iphoneos;
				SWIFT_VERSION = 6.2;
				TARGETED_DEVICE_FAMILY = "1,2";
				TEST_HOST = "$(BUILT_PRODUCTS_DIR)/DemoAuthCustom.app/DemoAuthCustom";
			};
			name = Debug;
		};
		5B0E423A8C8DB18EFFAEFD64 /* Debug */ = {
			isa = XCBuildConfiguration;
			buildSettings = {
				BUNDLE_LOADER = "$(TEST_HOST)";
				CODE_SIGNING_REQUIRED = NO;
				CODE_SIGN_IDENTITY = "";
				DEVELOPMENT_TEAM = "";
				GENERATE_INFOPLIST_FILE = YES;
				IPHONEOS_DEPLOYMENT_TARGET = 17.0;
				LD_RUNPATH_SEARCH_PATHS = (
					"$(inherited)",
					"@executable_path/Frameworks",
					"@loader_path/Frameworks",
				);
				PRODUCT_BUNDLE_IDENTIFIER = com.marekloose.DemoAuthTests;
				SDKROOT = iphoneos;
				SWIFT_VERSION = 6.2;
				TARGETED_DEVICE_FAMILY = "1,2";
				TEST_HOST = "$(BUILT_PRODUCTS_DIR)/DemoAuth.app/DemoAuth";
			};
			name = Debug;
		};
		6188615646682DB23944FBD7 /* Release */ = {
			isa = XCBuildConfiguration;
			buildSettings = {
				BUNDLE_LOADER = "$(TEST_HOST)";
				CODE_SIGNING_REQUIRED = NO;
				CODE_SIGN_IDENTITY = "";
				DEVELOPMENT_TEAM = "";
				GENERATE_INFOPLIST_FILE = YES;
				IPHONEOS_DEPLOYMENT_TARGET = 17.0;
				LD_RUNPATH_SEARCH_PATHS = (
					"$(inherited)",
					"@executable_path/Frameworks",
					"@loader_path/Frameworks",
				);
				PRODUCT_BUNDLE_IDENTIFIER = com.marekloose.DemoAuthDefaultTests;
				SDKROOT = iphoneos;
				SWIFT_VERSION = 6.2;
				TARGETED_DEVICE_FAMILY = "1,2";
				TEST_HOST = "$(BUILT_PRODUCTS_DIR)/DemoAuthDefault.app/DemoAuthDefault";
			};
			name = Release;
		};
		768CDDAF8226451A1CAAB086 /* Release */ = {
			isa = XCBuildConfiguration;
			buildSettings = {
				ALWAYS_SEARCH_USER_PATHS = NO;
				CLANG_ANALYZER_NONNULL = YES;
				CLANG_ANALYZER_NUMBER_OBJECT_CONVERSION = YES_AGGRESSIVE;
				CLANG_CXX_LANGUAGE_STANDARD = "gnu++14";
				CLANG_CXX_LIBRARY = "libc++";
				CLANG_ENABLE_MODULES = YES;
				CLANG_ENABLE_OBJC_ARC = YES;
				CLANG_ENABLE_OBJC_WEAK = YES;
				CLANG_WARN_BLOCK_CAPTURE_AUTORELEASING = YES;
				CLANG_WARN_BOOL_CONVERSION = YES;
				CLANG_WARN_COMMA = YES;
				CLANG_WARN_CONSTANT_CONVERSION = YES;
				CLANG_WARN_DEPRECATED_OBJC_IMPLEMENTATIONS = YES;
				CLANG_WARN_DIRECT_OBJC_ISA_USAGE = YES_ERROR;
				CLANG_WARN_DOCUMENTATION_COMMENTS = YES;
				CLANG_WARN_EMPTY_BODY = YES;
				CLANG_WARN_ENUM_CONVERSION = YES;
				CLANG_WARN_INFINITE_RECURSION = YES;
				CLANG_WARN_INT_CONVERSION = YES;
				CLANG_WARN_NON_LITERAL_NULL_CONVERSION = YES;
				CLANG_WARN_OBJC_IMPLICIT_RETAIN_SELF = YES;
				CLANG_WARN_OBJC_LITERAL_CONVERSION = YES;
				CLANG_WARN_OBJC_ROOT_CLASS = YES_ERROR;
				CLANG_WARN_QUOTED_INCLUDE_IN_FRAMEWORK_HEADER = YES;
				CLANG_WARN_RANGE_LOOP_ANALYSIS = YES;
				CLANG_WARN_STRICT_PROTOTYPES = YES;
				CLANG_WARN_SUSPICIOUS_MOVE = YES;
				CLANG_WARN_UNGUARDED_AVAILABILITY = YES_AGGRESSIVE;
				CLANG_WARN_UNREACHABLE_CODE = YES;
				CLANG_WARN__DUPLICATE_METHOD_MATCH = YES;
				COPY_PHASE_STRIP = NO;
				DEBUG_INFORMATION_FORMAT = "dwarf-with-dsym";
				ENABLE_NS_ASSERTIONS = NO;
				ENABLE_STRICT_OBJC_MSGSEND = YES;
				GCC_C_LANGUAGE_STANDARD = gnu11;
				GCC_NO_COMMON_BLOCKS = YES;
				GCC_WARN_64_TO_32_BIT_CONVERSION = YES;
				GCC_WARN_ABOUT_RETURN_TYPE = YES_ERROR;
				GCC_WARN_UNDECLARED_SELECTOR = YES;
				GCC_WARN_UNINITIALIZED_AUTOS = YES_AGGRESSIVE;
				GCC_WARN_UNUSED_FUNCTION = YES;
				GCC_WARN_UNUSED_VARIABLE = YES;
				IPHONEOS_DEPLOYMENT_TARGET = 17.0;
				MACOSX_DEPLOYMENT_TARGET = 14.0;
				MTL_ENABLE_DEBUG_INFO = NO;
				MTL_FAST_MATH = YES;
				PRODUCT_NAME = "$(TARGET_NAME)";
				SWIFT_COMPILATION_MODE = wholemodule;
				SWIFT_OPTIMIZATION_LEVEL = "-O";
				SWIFT_VERSION = 5.0;
			};
			name = Release;
		};
		7B694948DD3CF0D5B8A8A811 /* Debug */ = {
			isa = XCBuildConfiguration;
			buildSettings = {
				BUNDLE_LOADER = "$(TEST_HOST)";
				CODE_SIGNING_REQUIRED = NO;
				CODE_SIGN_IDENTITY = "";
				COMBINE_HIDPI_IMAGES = YES;
				DEVELOPMENT_TEAM = "";
				GENERATE_INFOPLIST_FILE = YES;
				LD_RUNPATH_SEARCH_PATHS = (
					"$(inherited)",
					"@executable_path/../Frameworks",
					"@loader_path/../Frameworks",
				);
				MACOSX_DEPLOYMENT_TARGET = 14.0;
				PRODUCT_BUNDLE_IDENTIFIER = com.marekloose.DemoAuthmacOSTests;
				SDKROOT = macosx;
				SWIFT_VERSION = 6.2;
				TEST_HOST = "$(BUILT_PRODUCTS_DIR)/DemoAuthmacOS.app/Contents/MacOS/DemoAuthmacOS";
			};
			name = Debug;
		};
		7C0EB0CC59BF9E4B21F0C4EE /* Debug */ = {
			isa = XCBuildConfiguration;
			buildSettings = {
				ALWAYS_SEARCH_USER_PATHS = NO;
				CLANG_ANALYZER_NONNULL = YES;
				CLANG_ANALYZER_NUMBER_OBJECT_CONVERSION = YES_AGGRESSIVE;
				CLANG_CXX_LANGUAGE_STANDARD = "gnu++14";
				CLANG_CXX_LIBRARY = "libc++";
				CLANG_ENABLE_MODULES = YES;
				CLANG_ENABLE_OBJC_ARC = YES;
				CLANG_ENABLE_OBJC_WEAK = YES;
				CLANG_WARN_BLOCK_CAPTURE_AUTORELEASING = YES;
				CLANG_WARN_BOOL_CONVERSION = YES;
				CLANG_WARN_COMMA = YES;
				CLANG_WARN_CONSTANT_CONVERSION = YES;
				CLANG_WARN_DEPRECATED_OBJC_IMPLEMENTATIONS = YES;
				CLANG_WARN_DIRECT_OBJC_ISA_USAGE = YES_ERROR;
				CLANG_WARN_DOCUMENTATION_COMMENTS = YES;
				CLANG_WARN_EMPTY_BODY = YES;
				CLANG_WARN_ENUM_CONVERSION = YES;
				CLANG_WARN_INFINITE_RECURSION = YES;
				CLANG_WARN_INT_CONVERSION = YES;
				CLANG_WARN_NON_LITERAL_NULL_CONVERSION = YES;
				CLANG_WARN_OBJC_IMPLICIT_RETAIN_SELF = YES;
				CLANG_WARN_OBJC_LITERAL_CONVERSION = YES;
				CLANG_WARN_OBJC_ROOT_CLASS = YES_ERROR;
				CLANG_WARN_QUOTED_INCLUDE_IN_FRAMEWORK_HEADER = YES;
				CLANG_WARN_RANGE_LOOP_ANALYSIS = YES;
				CLANG_WARN_STRICT_PROTOTYPES = YES;
				CLANG_WARN_SUSPICIOUS_MOVE = YES;
				CLANG_WARN_UNGUARDED_AVAILABILITY = YES_AGGRESSIVE;
				CLANG_WARN_UNREACHABLE_CODE = YES;
				CLANG_WARN__DUPLICATE_METHOD_MATCH = YES;
				COPY_PHASE_STRIP = NO;
				DEBUG_INFORMATION_FORMAT = dwarf;
				ENABLE_STRICT_OBJC_MSGSEND = YES;
				ENABLE_TESTABILITY = YES;
				GCC_C_LANGUAGE_STANDARD = gnu11;
				GCC_DYNAMIC_NO_PIC = NO;
				GCC_NO_COMMON_BLOCKS = YES;
				GCC_OPTIMIZATION_LEVEL = 0;
				GCC_PREPROCESSOR_DEFINITIONS = (
					"$(inherited)",
					"DEBUG=1",
				);
				GCC_WARN_64_TO_32_BIT_CONVERSION = YES;
				GCC_WARN_ABOUT_RETURN_TYPE = YES_ERROR;
				GCC_WARN_UNDECLARED_SELECTOR = YES;
				GCC_WARN_UNINITIALIZED_AUTOS = YES_AGGRESSIVE;
				GCC_WARN_UNUSED_FUNCTION = YES;
				GCC_WARN_UNUSED_VARIABLE = YES;
				IPHONEOS_DEPLOYMENT_TARGET = 17.0;
				MACOSX_DEPLOYMENT_TARGET = 14.0;
				MTL_ENABLE_DEBUG_INFO = INCLUDE_SOURCE;
				MTL_FAST_MATH = YES;
				ONLY_ACTIVE_ARCH = YES;
				PRODUCT_NAME = "$(TARGET_NAME)";
				SWIFT_ACTIVE_COMPILATION_CONDITIONS = DEBUG;
				SWIFT_OPTIMIZATION_LEVEL = "-Onone";
				SWIFT_VERSION = 5.0;
			};
			name = Debug;
		};
		8FAB443B4611B2234682765D /* Release */ = {
			isa = XCBuildConfiguration;
			buildSettings = {
				ASSETCATALOG_COMPILER_APPICON_NAME = AppIcon;
				CODE_SIGN_IDENTITY = "iPhone Developer";
				DEVELOPMENT_TEAM = 9JVYUSJU3D;
				EXCLUDED_SOURCE_FILE_NAMES = "DemoAuthApp.swift DemoAuthDefaultApp.swift";
				INFOPLIST_FILE = DemoAuth/Info.plist;
				IPHONEOS_DEPLOYMENT_TARGET = 17.0;
				LD_RUNPATH_SEARCH_PATHS = (
					"$(inherited)",
					"@executable_path/Frameworks",
				);
				PRODUCT_BUNDLE_IDENTIFIER = com.marekloose.demoauth.custom;
				SDKROOT = iphoneos;
				SWIFT_VERSION = 6.2;
				TARGETED_DEVICE_FAMILY = "1,2";
			};
			name = Release;
		};
		A41A32AA05011A571E41105B /* Release */ = {
			isa = XCBuildConfiguration;
			buildSettings = {
				BUNDLE_LOADER = "$(TEST_HOST)";
				CODE_SIGNING_REQUIRED = NO;
				CODE_SIGN_IDENTITY = "";
				DEVELOPMENT_TEAM = "";
				GENERATE_INFOPLIST_FILE = YES;
				IPHONEOS_DEPLOYMENT_TARGET = 17.0;
				LD_RUNPATH_SEARCH_PATHS = (
					"$(inherited)",
					"@executable_path/Frameworks",
					"@loader_path/Frameworks",
				);
				PRODUCT_BUNDLE_IDENTIFIER = com.marekloose.DemoAuthTests;
				SDKROOT = iphoneos;
				SWIFT_VERSION = 6.2;
				TARGETED_DEVICE_FAMILY = "1,2";
				TEST_HOST = "$(BUILT_PRODUCTS_DIR)/DemoAuth.app/DemoAuth";
			};
			name = Release;
		};
		A56DA98679953A63A7A851A2 /* Debug */ = {
			isa = XCBuildConfiguration;
			buildSettings = {
				ASSETCATALOG_COMPILER_APPICON_NAME = AppIcon;
				COMBINE_HIDPI_IMAGES = YES;
				DEVELOPMENT_TEAM = 9JVYUSJU3D;
				EXCLUDED_SOURCE_FILE_NAMES = "DemoAuthDefaultApp.swift DemoAuthCustomApp.swift";
				INFOPLIST_FILE = DemoAuth/Info.plist;
				LD_RUNPATH_SEARCH_PATHS = (
					"$(inherited)",
					"@executable_path/../Frameworks",
				);
				MACOSX_DEPLOYMENT_TARGET = 14.0;
				PRODUCT_BUNDLE_IDENTIFIER = "com.marekloose.DemoAuth-macos";
				SDKROOT = macosx;
				SWIFT_VERSION = 6.2;
			};
			name = Debug;
		};
		A6078E1E64C0942FDCB27141 /* Release */ = {
			isa = XCBuildConfiguration;
			buildSettings = {
				BUNDLE_LOADER = "$(TEST_HOST)";
				CODE_SIGNING_REQUIRED = NO;
				CODE_SIGN_IDENTITY = "";
				DEVELOPMENT_TEAM = "";
				GENERATE_INFOPLIST_FILE = YES;
				IPHONEOS_DEPLOYMENT_TARGET = 17.0;
				LD_RUNPATH_SEARCH_PATHS = (
					"$(inherited)",
					"@executable_path/Frameworks",
					"@loader_path/Frameworks",
				);
				PRODUCT_BUNDLE_IDENTIFIER = com.marekloose.DemoAuthCustomTests;
				SDKROOT = iphoneos;
				SWIFT_VERSION = 6.2;
				TARGETED_DEVICE_FAMILY = "1,2";
				TEST_HOST = "$(BUILT_PRODUCTS_DIR)/DemoAuthCustom.app/DemoAuthCustom";
			};
			name = Release;
		};
		DFC3ECC5375C92D69F2C5C11 /* Debug */ = {
			isa = XCBuildConfiguration;
			buildSettings = {
				ASSETCATALOG_COMPILER_APPICON_NAME = AppIcon;
				CODE_SIGN_IDENTITY = "iPhone Developer";
				DEVELOPMENT_TEAM = 9JVYUSJU3D;
				EXCLUDED_SOURCE_FILE_NAMES = "DemoAuthApp.swift DemoAuthCustomApp.swift";
				INFOPLIST_FILE = DemoAuth/Info.plist;
				IPHONEOS_DEPLOYMENT_TARGET = 17.0;
				LD_RUNPATH_SEARCH_PATHS = (
					"$(inherited)",
					"@executable_path/Frameworks",
				);
				PRODUCT_BUNDLE_IDENTIFIER = com.marekloose.demoauth.default;
				SDKROOT = iphoneos;
				SWIFT_VERSION = 6.2;
				TARGETED_DEVICE_FAMILY = "1,2";
			};
			name = Debug;
		};
		E90E284CCAEA0F9EB4ADFB00 /* Debug */ = {
			isa = XCBuildConfiguration;
			buildSettings = {
				BUNDLE_LOADER = "$(TEST_HOST)";
				CODE_SIGNING_REQUIRED = NO;
				CODE_SIGN_IDENTITY = "";
				DEVELOPMENT_TEAM = "";
				GENERATE_INFOPLIST_FILE = YES;
				IPHONEOS_DEPLOYMENT_TARGET = 17.0;
				LD_RUNPATH_SEARCH_PATHS = (
					"$(inherited)",
					"@executable_path/Frameworks",
					"@loader_path/Frameworks",
				);
				PRODUCT_BUNDLE_IDENTIFIER = com.marekloose.DemoAuthDefaultTests;
				SDKROOT = iphoneos;
				SWIFT_VERSION = 6.2;
				TARGETED_DEVICE_FAMILY = "1,2";
				TEST_HOST = "$(BUILT_PRODUCTS_DIR)/DemoAuthDefault.app/DemoAuthDefault";
			};
			name = Debug;
		};
		F52EA2D6A6E91B0B91734AF0 /* Release */ = {
			isa = XCBuildConfiguration;
			buildSettings = {
				ASSETCATALOG_COMPILER_APPICON_NAME = AppIcon;
				COMBINE_HIDPI_IMAGES = YES;
				DEVELOPMENT_TEAM = 9JVYUSJU3D;
				EXCLUDED_SOURCE_FILE_NAMES = "DemoAuthDefaultApp.swift DemoAuthCustomApp.swift";
				INFOPLIST_FILE = DemoAuth/Info.plist;
				LD_RUNPATH_SEARCH_PATHS = (
					"$(inherited)",
					"@executable_path/../Frameworks",
				);
				MACOSX_DEPLOYMENT_TARGET = 14.0;
				PRODUCT_BUNDLE_IDENTIFIER = "com.marekloose.DemoAuth-macos";
				SDKROOT = macosx;
				SWIFT_VERSION = 6.2;
			};
			name = Release;
		};
		FE8C4DE7C303ABB749F2EE8B /* Release */ = {
			isa = XCBuildConfiguration;
			buildSettings = {
				ASSETCATALOG_COMPILER_APPICON_NAME = AppIcon;
				CODE_SIGN_IDENTITY = "iPhone Developer";
				DEVELOPMENT_TEAM = 9JVYUSJU3D;
				EXCLUDED_SOURCE_FILE_NAMES = "DemoAuthApp.swift DemoAuthCustomApp.swift";
				INFOPLIST_FILE = DemoAuth/Info.plist;
				IPHONEOS_DEPLOYMENT_TARGET = 17.0;
				LD_RUNPATH_SEARCH_PATHS = (
					"$(inherited)",
					"@executable_path/Frameworks",
				);
				PRODUCT_BUNDLE_IDENTIFIER = com.marekloose.demoauth.default;
				SDKROOT = iphoneos;
				SWIFT_VERSION = 6.2;
				TARGETED_DEVICE_FAMILY = "1,2";
			};
			name = Release;
		};
/* End XCBuildConfiguration section */

/* Begin XCConfigurationList section */
		1ED5341A39623E92EDF2A189 /* Build configuration list for PBXNativeTarget "DemoAuthDefaultTests" */ = {
			isa = XCConfigurationList;
			buildConfigurations = (
				E90E284CCAEA0F9EB4ADFB00 /* Debug */,
				6188615646682DB23944FBD7 /* Release */,
			);
			defaultConfigurationIsVisible = 0;
			defaultConfigurationName = Debug;
		};
		4EA1A45BA305425F2F1ED889 /* Build configuration list for PBXProject "DemoAuth" */ = {
			isa = XCConfigurationList;
			buildConfigurations = (
				7C0EB0CC59BF9E4B21F0C4EE /* Debug */,
				768CDDAF8226451A1CAAB086 /* Release */,
			);
			defaultConfigurationIsVisible = 0;
			defaultConfigurationName = Debug;
		};
		5B16B64A138A72D414EB6DF1 /* Build configuration list for PBXNativeTarget "DemoAuth" */ = {
			isa = XCConfigurationList;
			buildConfigurations = (
				12D51973ABDC468F8DDF893A /* Debug */,
				295BC9DDC085E43E70353817 /* Release */,
			);
			defaultConfigurationIsVisible = 0;
			defaultConfigurationName = Debug;
		};
		64943EED8DC8B013D5D7B788 /* Build configuration list for PBXNativeTarget "DemoAuthmacOS" */ = {
			isa = XCConfigurationList;
			buildConfigurations = (
				A56DA98679953A63A7A851A2 /* Debug */,
				F52EA2D6A6E91B0B91734AF0 /* Release */,
			);
			defaultConfigurationIsVisible = 0;
			defaultConfigurationName = Debug;
		};
		748F2AD1B0D1F20A479B6756 /* Build configuration list for PBXNativeTarget "DemoAuthDefault" */ = {
			isa = XCConfigurationList;
			buildConfigurations = (
				DFC3ECC5375C92D69F2C5C11 /* Debug */,
				FE8C4DE7C303ABB749F2EE8B /* Release */,
			);
			defaultConfigurationIsVisible = 0;
			defaultConfigurationName = Debug;
		};
		78675F055821C4422F032383 /* Build configuration list for PBXNativeTarget "DemoAuthCustomTests" */ = {
			isa = XCConfigurationList;
			buildConfigurations = (
				58D980179A654082D2C2303B /* Debug */,
				A6078E1E64C0942FDCB27141 /* Release */,
			);
			defaultConfigurationIsVisible = 0;
			defaultConfigurationName = Debug;
		};
		8E44A7FCFDB3F5FE11C72779 /* Build configuration list for PBXNativeTarget "DemoAuthmacOSTests" */ = {
			isa = XCConfigurationList;
			buildConfigurations = (
				7B694948DD3CF0D5B8A8A811 /* Debug */,
				37F3A06C1E60E321D6CF8F05 /* Release */,
			);
			defaultConfigurationIsVisible = 0;
			defaultConfigurationName = Debug;
		};
		C87E9621FE22C5CE6F16F187 /* Build configuration list for PBXNativeTarget "DemoAuthTests" */ = {
			isa = XCConfigurationList;
			buildConfigurations = (
				5B0E423A8C8DB18EFFAEFD64 /* Debug */,
				A41A32AA05011A571E41105B /* Release */,
			);
			defaultConfigurationIsVisible = 0;
			defaultConfigurationName = Debug;
		};
		E13B612EB8CE5FA328829693 /* Build configuration list for PBXNativeTarget "DemoAuthCustom" */ = {
			isa = XCConfigurationList;
			buildConfigurations = (
				4424F397AEF07F04A6FB99FC /* Debug */,
				8FAB443B4611B2234682765D /* Release */,
			);
			defaultConfigurationIsVisible = 0;
			defaultConfigurationName = Debug;
		};
/* End XCConfigurationList section */
	};
	rootObject = 258D18AEF6DF26323470E558 /* Project object */;
}
